// !$*UTF8*$!
{
	archiveVersion = 1;
	classes = {
	};
	objectVersion = 55;
	objects = {

/* Begin PBXBuildFile section */
		120849FD29E398D1000BAF7D /* Decompression.swift in Sources */ = {isa = PBXBuildFile; fileRef = 120849FC29E398D1000BAF7D /* Decompression.swift */; };
		12093A5E281BC11000FAE304 /* BasiliskError.swift in Sources */ = {isa = PBXBuildFile; fileRef = 12093A5D281BC11000FAE304 /* BasiliskError.swift */; };
		120A78D82741E9A70099834B /* WebSocket.swift in Sources */ = {isa = PBXBuildFile; fileRef = 120A78D72741E9A70099834B /* WebSocket.swift */; };
		120A78DB2741F9BE0099834B /* WebSocketEvent.swift in Sources */ = {isa = PBXBuildFile; fileRef = 120A78DA2741F9BE0099834B /* WebSocketEvent.swift */; };
		120BB44E29148C5300AD910D /* ClickHigh.aif in Resources */ = {isa = PBXBuildFile; fileRef = 120BB44C29148C4B00AD910D /* ClickHigh.aif */; };
		120BB44F29148C5300AD910D /* ClickLow.aif in Resources */ = {isa = PBXBuildFile; fileRef = 120BB44D29148C4B00AD910D /* ClickLow.aif */; };
		120BB45129148CBF00AD910D /* ClickMid.aif in Resources */ = {isa = PBXBuildFile; fileRef = 120BB45029148CB500AD910D /* ClickMid.aif */; };
		120BB4532914CA6900AD910D /* QuickSelectOutlineFloater.swift in Sources */ = {isa = PBXBuildFile; fileRef = 120BB4522914CA6900AD910D /* QuickSelectOutlineFloater.swift */; };
		120E8CFD28AFAE7900AA0EEF /* APIURLTruncationAttachment.swift in Sources */ = {isa = PBXBuildFile; fileRef = 120E8CFC28AFAE7900AA0EEF /* APIURLTruncationAttachment.swift */; };
		1210E6EA274CC18300BF8C9B /* RoundingView.swift in Sources */ = {isa = PBXBuildFile; fileRef = 1210E6E9274CC18300BF8C9B /* RoundingView.swift */; };
		121B6FBB273E32D6000DD150 /* ArgumentParser in Frameworks */ = {isa = PBXBuildFile; productRef = 121B6FBA273E32D5000DD150 /* ArgumentParser */; };
		121F9310274CF318007F81CC /* MessagesViewController.swift in Sources */ = {isa = PBXBuildFile; fileRef = 121F930F274CF318007F81CC /* MessagesViewController.swift */; };
		121F931A274CF631007F81CC /* ChannelRef.swift in Sources */ = {isa = PBXBuildFile; fileRef = 121F9319274CF631007F81CC /* ChannelRef.swift */; };
		121F931C274CF841007F81CC /* NavigatorViewController.swift in Sources */ = {isa = PBXBuildFile; fileRef = 121F931B274CF841007F81CC /* NavigatorViewController.swift */; };
		123B8132285FAC58008B0145 /* JSONInspector.storyboard in Resources */ = {isa = PBXBuildFile; fileRef = 123B8131285FAC58008B0145 /* JSONInspector.storyboard */; };
		123F622F275183A8001D3D61 /* NavigatorGuildCellView.swift in Sources */ = {isa = PBXBuildFile; fileRef = 123F622E275183A8001D3D61 /* NavigatorGuildCellView.swift */; };
		12552C9C273F3DDA007D92B1 /* HTTP.swift in Sources */ = {isa = PBXBuildFile; fileRef = 12552C9B273F3DDA007D92B1 /* HTTP.swift */; };
		12552C9E273F3FE2007D92B1 /* SpoofedRequestType.swift in Sources */ = {isa = PBXBuildFile; fileRef = 12552C9D273F3FE2007D92B1 /* SpoofedRequestType.swift */; };
		1259D6D82816AA55006AE1D1 /* Decodable+Int.swift in Sources */ = {isa = PBXBuildFile; fileRef = 1259D6D72816AA55006AE1D1 /* Decodable+Int.swift */; };
		1259D6DE28176964006AE1D1 /* SwiftyJSON in Frameworks */ = {isa = PBXBuildFile; productRef = 1259D6DD28176964006AE1D1 /* SwiftyJSON */; };
		1259D6E22817696F006AE1D1 /* Codextended in Frameworks */ = {isa = PBXBuildFile; productRef = 1259D6E12817696F006AE1D1 /* Codextended */; };
		1259D6E428176E0E006AE1D1 /* AnyGatewayPacket.swift in Sources */ = {isa = PBXBuildFile; fileRef = 1259D6E328176E0E006AE1D1 /* AnyGatewayPacket.swift */; };
		1260A75B275163F00099CA3B /* NavigatorViewControllerDelegate.swift in Sources */ = {isa = PBXBuildFile; fileRef = 1260A75A275163F00099CA3B /* NavigatorViewControllerDelegate.swift */; };
		126A87FF285E933E0014DC40 /* HTTPMethod.swift in Sources */ = {isa = PBXBuildFile; fileRef = 126A87FE285E933E0014DC40 /* HTTPMethod.swift */; };
		126A8801285E95B90014DC40 /* HTTPLog.swift in Sources */ = {isa = PBXBuildFile; fileRef = 126A8800285E95B90014DC40 /* HTTPLog.swift */; };
		126A8803285E97830014DC40 /* InspectorSummaryCellView.swift in Sources */ = {isa = PBXBuildFile; fileRef = 126A8802285E97830014DC40 /* InspectorSummaryCellView.swift */; };
		126A8805285ECEA40014DC40 /* JSONInspectorViewController.swift in Sources */ = {isa = PBXBuildFile; fileRef = 126A8804285ECEA40014DC40 /* JSONInspectorViewController.swift */; };
		126B91022870B48C002AA7AA /* NSImageView+Kingfisher.swift in Sources */ = {isa = PBXBuildFile; fileRef = 126B91012870B48C002AA7AA /* NSImageView+Kingfisher.swift */; };
		126B91042870E87B002AA7AA /* Session.swift in Sources */ = {isa = PBXBuildFile; fileRef = 126B91032870E87B002AA7AA /* Session.swift */; };
		126B91062870EF6E002AA7AA /* ChatWindowController.swift in Sources */ = {isa = PBXBuildFile; fileRef = 126B91052870EF6E002AA7AA /* ChatWindowController.swift */; };
		127F3BF929119CF400067C6C /* SerpentDefaults.swift in Sources */ = {isa = PBXBuildFile; fileRef = 127F3BF829119CF400067C6C /* SerpentDefaults.swift */; };
		127F3BFB2911A5D200067C6C /* MessagesViewController+Table View Delegate.swift in Sources */ = {isa = PBXBuildFile; fileRef = 127F3BFA2911A5D200067C6C /* MessagesViewController+Table View Delegate.swift */; };
		12861A76285DC49C00C85F86 /* Ref.swift in Sources */ = {isa = PBXBuildFile; fileRef = 12861A75285DC49B00C85F86 /* Ref.swift */; };
		12861A78285DD21600C85F86 /* Constants.swift in Sources */ = {isa = PBXBuildFile; fileRef = 12861A77285DD21600C85F86 /* Constants.swift */; };
		12880BBD28B4D67300A01238 /* TypingView.swift in Sources */ = {isa = PBXBuildFile; fileRef = 12880BBC28B4D67300A01238 /* TypingView.swift */; };
		12880BBF28B4D6C200A01238 /* TypingBridge.swift in Sources */ = {isa = PBXBuildFile; fileRef = 12880BBE28B4D6C200A01238 /* TypingBridge.swift */; };
		12880BC128B4DF2600A01238 /* GuildSubscription.swift in Sources */ = {isa = PBXBuildFile; fileRef = 12880BC028B4DF2600A01238 /* GuildSubscription.swift */; };
		12880BC328B4E3BC00A01238 /* TypingEvent.swift in Sources */ = {isa = PBXBuildFile; fileRef = 12880BC228B4E3BC00A01238 /* TypingEvent.swift */; };
		12880BC528B4E7E400A01238 /* JSON+Reparse.swift in Sources */ = {isa = PBXBuildFile; fileRef = 12880BC428B4E7E400A01238 /* JSON+Reparse.swift */; };
		12894913274C8FA200850D5E /* Guild.swift in Sources */ = {isa = PBXBuildFile; fileRef = 12894912274C8FA200850D5E /* Guild.swift */; };
		12894915274C8FB900850D5E /* Snowflake.swift in Sources */ = {isa = PBXBuildFile; fileRef = 12894914274C8FB900850D5E /* Snowflake.swift */; };
		12894917274C904E00850D5E /* Asset.swift in Sources */ = {isa = PBXBuildFile; fileRef = 12894916274C904E00850D5E /* Asset.swift */; };
		12894919274C91C700850D5E /* GuildChannel.swift in Sources */ = {isa = PBXBuildFile; fileRef = 12894918274C91C700850D5E /* GuildChannel.swift */; };
		12897BF2273E25C700403E5B /* GatewayConnection.swift in Sources */ = {isa = PBXBuildFile; fileRef = 12897BF1273E25C700403E5B /* GatewayConnection.swift */; };
		12897BF4273E2BF400403E5B /* Opcode.swift in Sources */ = {isa = PBXBuildFile; fileRef = 12897BF3273E2BF400403E5B /* Opcode.swift */; };
		128C7673273DFD0E008FD585 /* Client.swift in Sources */ = {isa = PBXBuildFile; fileRef = 128C7672273DFD0E008FD585 /* Client.swift */; };
		128C7675273DFF73008FD585 /* Branch.swift in Sources */ = {isa = PBXBuildFile; fileRef = 128C7674273DFF73008FD585 /* Branch.swift */; };
		128C7677273E04D2008FD585 /* Disguise.swift in Sources */ = {isa = PBXBuildFile; fileRef = 128C7676273E04D2008FD585 /* Disguise.swift */; };
		12945081274D3A240024C744 /* Message.swift in Sources */ = {isa = PBXBuildFile; fileRef = 12945080274D3A240024C744 /* Message.swift */; };
		12945083274D3A410024C744 /* User.swift in Sources */ = {isa = PBXBuildFile; fileRef = 12945082274D3A410024C744 /* User.swift */; };
		1296E31728559AE300CDFD2E /* Kingfisher in Frameworks */ = {isa = PBXBuildFile; productRef = 1296E31628559AE300CDFD2E /* Kingfisher */; };
		1296E3192855AD2700CDFD2E /* Attachment.swift in Sources */ = {isa = PBXBuildFile; fileRef = 1296E3182855AD2700CDFD2E /* Attachment.swift */; };
		1297448B2857415200CDB201 /* LoadingAttachmentView.swift in Sources */ = {isa = PBXBuildFile; fileRef = 1297448A2857415200CDB201 /* LoadingAttachmentView.swift */; };
		129AF795273E653100B3851C /* GatewayPacket.swift in Sources */ = {isa = PBXBuildFile; fileRef = 129AF794273E653100B3851C /* GatewayPacket.swift */; };
		129B6031286AEBF60096FB67 /* IntrinsicImageView.swift in Sources */ = {isa = PBXBuildFile; fileRef = 129B6030286AEBF60096FB67 /* IntrinsicImageView.swift */; };
		129ED06B2818ED4B009FDAD7 /* AccountEditorController.swift in Sources */ = {isa = PBXBuildFile; fileRef = 129ED06A2818ED4B009FDAD7 /* AccountEditorController.swift */; };
		129FBBF22812913400BD5D09 /* SwiftyJSON in Frameworks */ = {isa = PBXBuildFile; productRef = 129FBBF12812913400BD5D09 /* SwiftyJSON */; };
		129FBBF52812918C00BD5D09 /* Codextended in Frameworks */ = {isa = PBXBuildFile; productRef = 129FBBF42812918C00BD5D09 /* Codextended */; };
		12A66644285567A200172D99 /* OrderedCollections in Frameworks */ = {isa = PBXBuildFile; productRef = 12A66643285567A200172D99 /* OrderedCollections */; };
		12AB3D80274C224200934345 /* InspectorController.swift in Sources */ = {isa = PBXBuildFile; fileRef = 12AB3D7F274C224200934345 /* InspectorController.swift */; };
		12AB415E28691A0300D54786 /* Cache.swift in Sources */ = {isa = PBXBuildFile; fileRef = 12AB415D28691A0300D54786 /* Cache.swift */; };
		12AB4160286925F200D54786 /* ReadyPacket.swift in Sources */ = {isa = PBXBuildFile; fileRef = 12AB415F286925F200D54786 /* ReadyPacket.swift */; };
		12AB41622869467F00D54786 /* OrderedCollections in Frameworks */ = {isa = PBXBuildFile; productRef = 12AB41612869467F00D54786 /* OrderedCollections */; };
		12B99C1E27410A5A0048D2DB /* LogStore.swift in Sources */ = {isa = PBXBuildFile; fileRef = 12B99C1D27410A5A0048D2DB /* LogStore.swift */; };
		12B99C2227410AD00048D2DB /* LogMessage.swift in Sources */ = {isa = PBXBuildFile; fileRef = 12B99C2127410AD00048D2DB /* LogMessage.swift */; };
		12B99C2427410B010048D2DB /* PacketDirection.swift in Sources */ = {isa = PBXBuildFile; fileRef = 12B99C2327410B010048D2DB /* PacketDirection.swift */; };
		12BB68052861A83A0078CCEC /* StatusBarContainerController.swift in Sources */ = {isa = PBXBuildFile; fileRef = 12BB68042861A83A0078CCEC /* StatusBarContainerController.swift */; };
		12BB68072861ADC00078CCEC /* ConnectionStatusView.swift in Sources */ = {isa = PBXBuildFile; fileRef = 12BB68062861ADC00078CCEC /* ConnectionStatusView.swift */; };
		12BB68092861BF9E0078CCEC /* WebSocketState.swift in Sources */ = {isa = PBXBuildFile; fileRef = 12BB68082861BF9E0078CCEC /* WebSocketState.swift */; };
		12C1D4B92827B9ED005D21A4 /* Inspector.storyboard in Resources */ = {isa = PBXBuildFile; fileRef = 12C1D4B82827B9ED005D21A4 /* Inspector.storyboard */; };
		12C74E44286A8E01003561A3 /* UnifiedMessageRow.xib in Resources */ = {isa = PBXBuildFile; fileRef = 12C74E43286A8E01003561A3 /* UnifiedMessageRow.xib */; };
		12C74E46286A8E4B003561A3 /* UnifiedMessageRow.swift in Sources */ = {isa = PBXBuildFile; fileRef = 12C74E45286A8E4B003561A3 /* UnifiedMessageRow.swift */; };
		12CD0228274218AA00F136A5 /* Publisher+Buffer.swift in Sources */ = {isa = PBXBuildFile; fileRef = 12CD0226274217E600F136A5 /* Publisher+Buffer.swift */; };
		12D23C1A27540BAE00F3D18D /* Account.swift in Sources */ = {isa = PBXBuildFile; fileRef = 12D23C1927540BAE00F3D18D /* Account.swift */; };
		12D23C1C27540CF200F3D18D /* Accounts.swift in Sources */ = {isa = PBXBuildFile; fileRef = 12D23C1B27540CF200F3D18D /* Accounts.swift */; };
		12D23C1F2754127000F3D18D /* Preferences.storyboard in Resources */ = {isa = PBXBuildFile; fileRef = 12D23C1E2754127000F3D18D /* Preferences.storyboard */; };
		12D23C2127541C0B00F3D18D /* WindowTitleUpdatingTabViewController.swift in Sources */ = {isa = PBXBuildFile; fileRef = 12D23C2027541C0B00F3D18D /* WindowTitleUpdatingTabViewController.swift */; };
		12D23C232754204B00F3D18D /* AccountsViewController.swift in Sources */ = {isa = PBXBuildFile; fileRef = 12D23C222754204B00F3D18D /* AccountsViewController.swift */; };
		12DAC9DB28611649006B3B1D /* Messages.storyboard in Resources */ = {isa = PBXBuildFile; fileRef = 12DAC9DA28611649006B3B1D /* Messages.storyboard */; };
		12DAC9DD286116F8006B3B1D /* NSScrollView+Scrolling.swift in Sources */ = {isa = PBXBuildFile; fileRef = 12DAC9DC286116F8006B3B1D /* NSScrollView+Scrolling.swift */; };
		12DAC9DF286117A7006B3B1D /* MessagesViewControllerDelegate.swift in Sources */ = {isa = PBXBuildFile; fileRef = 12DAC9DE286117A7006B3B1D /* MessagesViewControllerDelegate.swift */; };
		12DAC9E128611B10006B3B1D /* MessagesViewController+Data Source.swift in Sources */ = {isa = PBXBuildFile; fileRef = 12DAC9E028611B10006B3B1D /* MessagesViewController+Data Source.swift */; };
		12DAC9E328611BAD006B3B1D /* MessagesViewController+Testing.swift in Sources */ = {isa = PBXBuildFile; fileRef = 12DAC9E228611BAD006B3B1D /* MessagesViewController+Testing.swift */; };
		12DAC9E5286127B4006B3B1D /* MessagesViewController+Messages.swift in Sources */ = {isa = PBXBuildFile; fileRef = 12DAC9E4286127B4006B3B1D /* MessagesViewController+Messages.swift */; };
		12DCEAA32751E38500A0A626 /* NavigatorOutlineItem.swift in Sources */ = {isa = PBXBuildFile; fileRef = 12DCEAA22751E38500A0A626 /* NavigatorOutlineItem.swift */; };
		12DCEAA52751E60C00A0A626 /* ChannelSorting.swift in Sources */ = {isa = PBXBuildFile; fileRef = 12DCEAA42751E60C00A0A626 /* ChannelSorting.swift */; };
		12DE5A322911D565003877D4 /* Capabilities.swift in Sources */ = {isa = PBXBuildFile; fileRef = 12DE5A312911D565003877D4 /* Capabilities.swift */; };
		12E2100328B9BB0E00834C8F /* TypingState.swift in Sources */ = {isa = PBXBuildFile; fileRef = 12E2100228B9BB0E00834C8F /* TypingState.swift */; };
		12E6DD9F2867CF9800FD72A2 /* GroupDMChannel.swift in Sources */ = {isa = PBXBuildFile; fileRef = 12E6DD9E2867CF9800FD72A2 /* GroupDMChannel.swift */; };
		12E6DDA22867D5A600FD72A2 /* SerpentJSONDecoder.swift in Sources */ = {isa = PBXBuildFile; fileRef = 12E6DDA12867D5A600FD72A2 /* SerpentJSONDecoder.swift */; };
		12E6DDA42867D66700FD72A2 /* ChannelType.swift in Sources */ = {isa = PBXBuildFile; fileRef = 12E6DDA32867D66700FD72A2 /* ChannelType.swift */; };
		12E6DDA82867D89E00FD72A2 /* PrivateChannel.swift in Sources */ = {isa = PBXBuildFile; fileRef = 12E6DDA72867D89E00FD72A2 /* PrivateChannel.swift */; };
		12E6DDAA2867D8B900FD72A2 /* DMChannel.swift in Sources */ = {isa = PBXBuildFile; fileRef = 12E6DDA92867D8B900FD72A2 /* DMChannel.swift */; };
		12E80A5A2752AC1F00ACD979 /* NSView+Nib.swift in Sources */ = {isa = PBXBuildFile; fileRef = 12E80A592752AC1F00ACD979 /* NSView+Nib.swift */; };
		12EB5FA42866A4200012F938 /* HTTPInspector.storyboard in Resources */ = {isa = PBXBuildFile; fileRef = 12EB5FA32866A41F0012F938 /* HTTPInspector.storyboard */; };
		12EB5FA62866A46D0012F938 /* HTTPInspectorController.swift in Sources */ = {isa = PBXBuildFile; fileRef = 12EB5FA52866A46D0012F938 /* HTTPInspectorController.swift */; };
		12EB5FA92866ACB80012F938 /* HTTPInspectorBodyHeadersController.swift in Sources */ = {isa = PBXBuildFile; fileRef = 12EB5FA82866ACB80012F938 /* HTTPInspectorBodyHeadersController.swift */; };
		12EC06CC2A319B8300053133 /* Assets.xcassets in Resources */ = {isa = PBXBuildFile; fileRef = 12F4FD87273DFC1B00B6AE64 /* Assets.xcassets */; };
		12F4FD84273DFC1900B6AE64 /* AppDelegate.swift in Sources */ = {isa = PBXBuildFile; fileRef = 12F4FD83273DFC1900B6AE64 /* AppDelegate.swift */; };
		12F4FD86273DFC1900B6AE64 /* ChatViewController.swift in Sources */ = {isa = PBXBuildFile; fileRef = 12F4FD85273DFC1900B6AE64 /* ChatViewController.swift */; };
		12F4FD8B273DFC1B00B6AE64 /* Main.storyboard in Resources */ = {isa = PBXBuildFile; fileRef = 12F4FD89273DFC1B00B6AE64 /* Main.storyboard */; };
		12F4FD96273DFC1B00B6AE64 /* CycloneTests.swift in Sources */ = {isa = PBXBuildFile; fileRef = 12F4FD95273DFC1B00B6AE64 /* CycloneTests.swift */; };
		12F4FDA0273DFC1B00B6AE64 /* CycloneUITests.swift in Sources */ = {isa = PBXBuildFile; fileRef = 12F4FD9F273DFC1B00B6AE64 /* CycloneUITests.swift */; };
		12F4FDA2273DFC1B00B6AE64 /* CycloneUITestsLaunchTests.swift in Sources */ = {isa = PBXBuildFile; fileRef = 12F4FDA1273DFC1B00B6AE64 /* CycloneUITestsLaunchTests.swift */; };
		12F4FDB7273DFCD000B6AE64 /* Tempest.docc in Sources */ = {isa = PBXBuildFile; fileRef = 12F4FDB6273DFCD000B6AE64 /* Tempest.docc */; };
		12F4FDBD273DFCD000B6AE64 /* Tempest.framework in Frameworks */ = {isa = PBXBuildFile; fileRef = 12F4FDB3273DFCD000B6AE64 /* Tempest.framework */; };
		12F4FDC4273DFCD000B6AE64 /* TempestTests.swift in Sources */ = {isa = PBXBuildFile; fileRef = 12F4FDC3273DFCD000B6AE64 /* TempestTests.swift */; };
		12F4FDC5273DFCD000B6AE64 /* Tempest.h in Headers */ = {isa = PBXBuildFile; fileRef = 12F4FDB5273DFCD000B6AE64 /* Tempest.h */; settings = {ATTRIBUTES = (Public, ); }; };
		12F4FDC8273DFCD000B6AE64 /* Tempest.framework in Frameworks */ = {isa = PBXBuildFile; fileRef = 12F4FDB3273DFCD000B6AE64 /* Tempest.framework */; };
		12F4FDC9273DFCD000B6AE64 /* Tempest.framework in Embed Frameworks */ = {isa = PBXBuildFile; fileRef = 12F4FDB3273DFCD000B6AE64 /* Tempest.framework */; settings = {ATTRIBUTES = (CodeSignOnCopy, RemoveHeadersOnCopy, ); }; };
		12FAA7652827C29E00205A5B /* InspectorMessagesController.swift in Sources */ = {isa = PBXBuildFile; fileRef = 12FAA7642827C29E00205A5B /* InspectorMessagesController.swift */; };
		12FEDA8429135447006BA613 /* ReferencedMessagePreviewView.swift in Sources */ = {isa = PBXBuildFile; fileRef = 12FEDA8329135447006BA613 /* ReferencedMessagePreviewView.swift */; };
		12FEDA8729135E72006BA613 /* AvatarView.swift in Sources */ = {isa = PBXBuildFile; fileRef = 12FEDA8629135E72006BA613 /* AvatarView.swift */; };
		12FEDA892913607F006BA613 /* MessageAuthorNameView.swift in Sources */ = {isa = PBXBuildFile; fileRef = 12FEDA882913607F006BA613 /* MessageAuthorNameView.swift */; };
		12FEDA8B2913C014006BA613 /* Defaults.swift in Sources */ = {isa = PBXBuildFile; fileRef = 12FEDA8A2913C014006BA613 /* Defaults.swift */; };
		12FEDA8D2913CC5E006BA613 /* MessageFieldAccessoriesView.swift in Sources */ = {isa = PBXBuildFile; fileRef = 12FEDA8C2913CC5E006BA613 /* MessageFieldAccessoriesView.swift */; };
		B8EFC2F6275197ED0010B894 /* PermissionOverwrites.swift in Sources */ = {isa = PBXBuildFile; fileRef = B8EFC2F5275197ED0010B894 /* PermissionOverwrites.swift */; };
		B8EFC2FA2751A9350010B894 /* CurrentUser.swift in Sources */ = {isa = PBXBuildFile; fileRef = B8EFC2F92751A9350010B894 /* CurrentUser.swift */; };
/* End PBXBuildFile section */

/* Begin PBXContainerItemProxy section */
		12F4FD92273DFC1B00B6AE64 /* PBXContainerItemProxy */ = {
			isa = PBXContainerItemProxy;
			containerPortal = 12F4FD78273DFC1900B6AE64 /* Project object */;
			proxyType = 1;
			remoteGlobalIDString = 12F4FD7F273DFC1900B6AE64;
			remoteInfo = Basilisk;
		};
		12F4FD9C273DFC1B00B6AE64 /* PBXContainerItemProxy */ = {
			isa = PBXContainerItemProxy;
			containerPortal = 12F4FD78273DFC1900B6AE64 /* Project object */;
			proxyType = 1;
			remoteGlobalIDString = 12F4FD7F273DFC1900B6AE64;
			remoteInfo = Basilisk;
		};
		12F4FDBE273DFCD000B6AE64 /* PBXContainerItemProxy */ = {
			isa = PBXContainerItemProxy;
			containerPortal = 12F4FD78273DFC1900B6AE64 /* Project object */;
			proxyType = 1;
			remoteGlobalIDString = 12F4FDB2273DFCD000B6AE64;
			remoteInfo = Contempt;
		};
		12F4FDC0273DFCD000B6AE64 /* PBXContainerItemProxy */ = {
			isa = PBXContainerItemProxy;
			containerPortal = 12F4FD78273DFC1900B6AE64 /* Project object */;
			proxyType = 1;
			remoteGlobalIDString = 12F4FD7F273DFC1900B6AE64;
			remoteInfo = Basilisk;
		};
		12F4FDC6273DFCD000B6AE64 /* PBXContainerItemProxy */ = {
			isa = PBXContainerItemProxy;
			containerPortal = 12F4FD78273DFC1900B6AE64 /* Project object */;
			proxyType = 1;
			remoteGlobalIDString = 12F4FDB2273DFCD000B6AE64;
			remoteInfo = Contempt;
		};
/* End PBXContainerItemProxy section */

/* Begin PBXCopyFilesBuildPhase section */
		12F4FDCD273DFCD000B6AE64 /* Embed Frameworks */ = {
			isa = PBXCopyFilesBuildPhase;
			buildActionMask = 2147483647;
			dstPath = "";
			dstSubfolderSpec = 10;
			files = (
				12F4FDC9273DFCD000B6AE64 /* Tempest.framework in Embed Frameworks */,
			);
			name = "Embed Frameworks";
			runOnlyForDeploymentPostprocessing = 0;
		};
/* End PBXCopyFilesBuildPhase section */

/* Begin PBXFileReference section */
		120849FC29E398D1000BAF7D /* Decompression.swift */ = {isa = PBXFileReference; lastKnownFileType = sourcecode.swift; path = Decompression.swift; sourceTree = "<group>"; };
		12093A5D281BC11000FAE304 /* BasiliskError.swift */ = {isa = PBXFileReference; lastKnownFileType = sourcecode.swift; path = BasiliskError.swift; sourceTree = "<group>"; };
		120A78D72741E9A70099834B /* WebSocket.swift */ = {isa = PBXFileReference; lastKnownFileType = sourcecode.swift; path = WebSocket.swift; sourceTree = "<group>"; };
		120A78DA2741F9BE0099834B /* WebSocketEvent.swift */ = {isa = PBXFileReference; lastKnownFileType = sourcecode.swift; path = WebSocketEvent.swift; sourceTree = "<group>"; };
		120BB44C29148C4B00AD910D /* ClickHigh.aif */ = {isa = PBXFileReference; lastKnownFileType = file; path = ClickHigh.aif; sourceTree = "<group>"; };
		120BB44D29148C4B00AD910D /* ClickLow.aif */ = {isa = PBXFileReference; lastKnownFileType = file; path = ClickLow.aif; sourceTree = "<group>"; };
		120BB45029148CB500AD910D /* ClickMid.aif */ = {isa = PBXFileReference; lastKnownFileType = file; path = ClickMid.aif; sourceTree = "<group>"; };
		120BB4522914CA6900AD910D /* QuickSelectOutlineFloater.swift */ = {isa = PBXFileReference; lastKnownFileType = sourcecode.swift; path = QuickSelectOutlineFloater.swift; sourceTree = "<group>"; };
		120E8CFC28AFAE7900AA0EEF /* APIURLTruncationAttachment.swift */ = {isa = PBXFileReference; lastKnownFileType = sourcecode.swift; path = APIURLTruncationAttachment.swift; sourceTree = "<group>"; };
		1210E6E9274CC18300BF8C9B /* RoundingView.swift */ = {isa = PBXFileReference; lastKnownFileType = sourcecode.swift; path = RoundingView.swift; sourceTree = "<group>"; };
		121F930F274CF318007F81CC /* MessagesViewController.swift */ = {isa = PBXFileReference; lastKnownFileType = sourcecode.swift; path = MessagesViewController.swift; sourceTree = "<group>"; };
		121F9319274CF631007F81CC /* ChannelRef.swift */ = {isa = PBXFileReference; lastKnownFileType = sourcecode.swift; path = ChannelRef.swift; sourceTree = "<group>"; };
		121F931B274CF841007F81CC /* NavigatorViewController.swift */ = {isa = PBXFileReference; lastKnownFileType = sourcecode.swift; path = NavigatorViewController.swift; sourceTree = "<group>"; };
		123B8131285FAC58008B0145 /* JSONInspector.storyboard */ = {isa = PBXFileReference; lastKnownFileType = file.storyboard; path = JSONInspector.storyboard; sourceTree = "<group>"; };
		123F622E275183A8001D3D61 /* NavigatorGuildCellView.swift */ = {isa = PBXFileReference; lastKnownFileType = sourcecode.swift; path = NavigatorGuildCellView.swift; sourceTree = "<group>"; };
		12552C9B273F3DDA007D92B1 /* HTTP.swift */ = {isa = PBXFileReference; lastKnownFileType = sourcecode.swift; path = HTTP.swift; sourceTree = "<group>"; };
		12552C9D273F3FE2007D92B1 /* SpoofedRequestType.swift */ = {isa = PBXFileReference; lastKnownFileType = sourcecode.swift; path = SpoofedRequestType.swift; sourceTree = "<group>"; };
		1259D6D72816AA55006AE1D1 /* Decodable+Int.swift */ = {isa = PBXFileReference; lastKnownFileType = sourcecode.swift; path = "Decodable+Int.swift"; sourceTree = "<group>"; };
		1259D6E328176E0E006AE1D1 /* AnyGatewayPacket.swift */ = {isa = PBXFileReference; lastKnownFileType = sourcecode.swift; path = AnyGatewayPacket.swift; sourceTree = "<group>"; };
		1260A75A275163F00099CA3B /* NavigatorViewControllerDelegate.swift */ = {isa = PBXFileReference; lastKnownFileType = sourcecode.swift; path = NavigatorViewControllerDelegate.swift; sourceTree = "<group>"; };
		126A87FE285E933E0014DC40 /* HTTPMethod.swift */ = {isa = PBXFileReference; lastKnownFileType = sourcecode.swift; path = HTTPMethod.swift; sourceTree = "<group>"; };
		126A8800285E95B90014DC40 /* HTTPLog.swift */ = {isa = PBXFileReference; lastKnownFileType = sourcecode.swift; path = HTTPLog.swift; sourceTree = "<group>"; };
		126A8802285E97830014DC40 /* InspectorSummaryCellView.swift */ = {isa = PBXFileReference; lastKnownFileType = sourcecode.swift; path = InspectorSummaryCellView.swift; sourceTree = "<group>"; };
		126A8804285ECEA40014DC40 /* JSONInspectorViewController.swift */ = {isa = PBXFileReference; lastKnownFileType = sourcecode.swift; path = JSONInspectorViewController.swift; sourceTree = "<group>"; };
		126B91012870B48C002AA7AA /* NSImageView+Kingfisher.swift */ = {isa = PBXFileReference; lastKnownFileType = sourcecode.swift; path = "NSImageView+Kingfisher.swift"; sourceTree = "<group>"; };
		126B91032870E87B002AA7AA /* Session.swift */ = {isa = PBXFileReference; lastKnownFileType = sourcecode.swift; path = Session.swift; sourceTree = "<group>"; };
		126B91052870EF6E002AA7AA /* ChatWindowController.swift */ = {isa = PBXFileReference; lastKnownFileType = sourcecode.swift; path = ChatWindowController.swift; sourceTree = "<group>"; };
		127F3BF829119CF400067C6C /* SerpentDefaults.swift */ = {isa = PBXFileReference; lastKnownFileType = sourcecode.swift; path = SerpentDefaults.swift; sourceTree = "<group>"; };
		127F3BFA2911A5D200067C6C /* MessagesViewController+Table View Delegate.swift */ = {isa = PBXFileReference; lastKnownFileType = sourcecode.swift; path = "MessagesViewController+Table View Delegate.swift"; sourceTree = "<group>"; };
		12861A75285DC49B00C85F86 /* Ref.swift */ = {isa = PBXFileReference; lastKnownFileType = sourcecode.swift; path = Ref.swift; sourceTree = "<group>"; };
		12861A77285DD21600C85F86 /* Constants.swift */ = {isa = PBXFileReference; lastKnownFileType = sourcecode.swift; path = Constants.swift; sourceTree = "<group>"; };
		12880BBC28B4D67300A01238 /* TypingView.swift */ = {isa = PBXFileReference; lastKnownFileType = sourcecode.swift; path = TypingView.swift; sourceTree = "<group>"; };
		12880BBE28B4D6C200A01238 /* TypingBridge.swift */ = {isa = PBXFileReference; lastKnownFileType = sourcecode.swift; path = TypingBridge.swift; sourceTree = "<group>"; };
		12880BC028B4DF2600A01238 /* GuildSubscription.swift */ = {isa = PBXFileReference; lastKnownFileType = sourcecode.swift; path = GuildSubscription.swift; sourceTree = "<group>"; };
		12880BC228B4E3BC00A01238 /* TypingEvent.swift */ = {isa = PBXFileReference; lastKnownFileType = sourcecode.swift; path = TypingEvent.swift; sourceTree = "<group>"; };
		12880BC428B4E7E400A01238 /* JSON+Reparse.swift */ = {isa = PBXFileReference; lastKnownFileType = sourcecode.swift; path = "JSON+Reparse.swift"; sourceTree = "<group>"; };
		12894912274C8FA200850D5E /* Guild.swift */ = {isa = PBXFileReference; lastKnownFileType = sourcecode.swift; path = Guild.swift; sourceTree = "<group>"; };
		12894914274C8FB900850D5E /* Snowflake.swift */ = {isa = PBXFileReference; lastKnownFileType = sourcecode.swift; path = Snowflake.swift; sourceTree = "<group>"; };
		12894916274C904E00850D5E /* Asset.swift */ = {isa = PBXFileReference; lastKnownFileType = sourcecode.swift; path = Asset.swift; sourceTree = "<group>"; };
		12894918274C91C700850D5E /* GuildChannel.swift */ = {isa = PBXFileReference; lastKnownFileType = sourcecode.swift; path = GuildChannel.swift; sourceTree = "<group>"; };
		12897BF1273E25C700403E5B /* GatewayConnection.swift */ = {isa = PBXFileReference; lastKnownFileType = sourcecode.swift; path = GatewayConnection.swift; sourceTree = "<group>"; };
		12897BF3273E2BF400403E5B /* Opcode.swift */ = {isa = PBXFileReference; lastKnownFileType = sourcecode.swift; path = Opcode.swift; sourceTree = "<group>"; };
		128C7672273DFD0E008FD585 /* Client.swift */ = {isa = PBXFileReference; lastKnownFileType = sourcecode.swift; path = Client.swift; sourceTree = "<group>"; };
		128C7674273DFF73008FD585 /* Branch.swift */ = {isa = PBXFileReference; lastKnownFileType = sourcecode.swift; path = Branch.swift; sourceTree = "<group>"; };
		128C7676273E04D2008FD585 /* Disguise.swift */ = {isa = PBXFileReference; lastKnownFileType = sourcecode.swift; path = Disguise.swift; sourceTree = "<group>"; };
		12945080274D3A240024C744 /* Message.swift */ = {isa = PBXFileReference; lastKnownFileType = sourcecode.swift; path = Message.swift; sourceTree = "<group>"; };
		12945082274D3A410024C744 /* User.swift */ = {isa = PBXFileReference; lastKnownFileType = sourcecode.swift; path = User.swift; sourceTree = "<group>"; };
		1296E3182855AD2700CDFD2E /* Attachment.swift */ = {isa = PBXFileReference; lastKnownFileType = sourcecode.swift; path = Attachment.swift; sourceTree = "<group>"; };
		1297448A2857415200CDB201 /* LoadingAttachmentView.swift */ = {isa = PBXFileReference; lastKnownFileType = sourcecode.swift; path = LoadingAttachmentView.swift; sourceTree = "<group>"; };
		129AF794273E653100B3851C /* GatewayPacket.swift */ = {isa = PBXFileReference; lastKnownFileType = sourcecode.swift; path = GatewayPacket.swift; sourceTree = "<group>"; };
		129B6030286AEBF60096FB67 /* IntrinsicImageView.swift */ = {isa = PBXFileReference; lastKnownFileType = sourcecode.swift; path = IntrinsicImageView.swift; sourceTree = "<group>"; };
		129ED06A2818ED4B009FDAD7 /* AccountEditorController.swift */ = {isa = PBXFileReference; lastKnownFileType = sourcecode.swift; path = AccountEditorController.swift; sourceTree = "<group>"; };
		12AB3D7F274C224200934345 /* InspectorController.swift */ = {isa = PBXFileReference; lastKnownFileType = sourcecode.swift; path = InspectorController.swift; sourceTree = "<group>"; };
		12AB415D28691A0300D54786 /* Cache.swift */ = {isa = PBXFileReference; lastKnownFileType = sourcecode.swift; path = Cache.swift; sourceTree = "<group>"; };
		12AB415F286925F200D54786 /* ReadyPacket.swift */ = {isa = PBXFileReference; lastKnownFileType = sourcecode.swift; path = ReadyPacket.swift; sourceTree = "<group>"; };
		12B99C1D27410A5A0048D2DB /* LogStore.swift */ = {isa = PBXFileReference; lastKnownFileType = sourcecode.swift; path = LogStore.swift; sourceTree = "<group>"; };
		12B99C2127410AD00048D2DB /* LogMessage.swift */ = {isa = PBXFileReference; lastKnownFileType = sourcecode.swift; path = LogMessage.swift; sourceTree = "<group>"; };
		12B99C2327410B010048D2DB /* PacketDirection.swift */ = {isa = PBXFileReference; lastKnownFileType = sourcecode.swift; path = PacketDirection.swift; sourceTree = "<group>"; };
		12BB68042861A83A0078CCEC /* StatusBarContainerController.swift */ = {isa = PBXFileReference; lastKnownFileType = sourcecode.swift; path = StatusBarContainerController.swift; sourceTree = "<group>"; };
		12BB68062861ADC00078CCEC /* ConnectionStatusView.swift */ = {isa = PBXFileReference; lastKnownFileType = sourcecode.swift; path = ConnectionStatusView.swift; sourceTree = "<group>"; };
		12BB68082861BF9E0078CCEC /* WebSocketState.swift */ = {isa = PBXFileReference; lastKnownFileType = sourcecode.swift; path = WebSocketState.swift; sourceTree = "<group>"; };
		12C1D4B82827B9ED005D21A4 /* Inspector.storyboard */ = {isa = PBXFileReference; lastKnownFileType = file.storyboard; path = Inspector.storyboard; sourceTree = "<group>"; };
		12C74E43286A8E01003561A3 /* UnifiedMessageRow.xib */ = {isa = PBXFileReference; lastKnownFileType = file.xib; path = UnifiedMessageRow.xib; sourceTree = "<group>"; };
		12C74E45286A8E4B003561A3 /* UnifiedMessageRow.swift */ = {isa = PBXFileReference; lastKnownFileType = sourcecode.swift; path = UnifiedMessageRow.swift; sourceTree = "<group>"; };
		12CD0226274217E600F136A5 /* Publisher+Buffer.swift */ = {isa = PBXFileReference; lastKnownFileType = sourcecode.swift; path = "Publisher+Buffer.swift"; sourceTree = "<group>"; };
		12D23C1927540BAE00F3D18D /* Account.swift */ = {isa = PBXFileReference; lastKnownFileType = sourcecode.swift; path = Account.swift; sourceTree = "<group>"; };
		12D23C1B27540CF200F3D18D /* Accounts.swift */ = {isa = PBXFileReference; lastKnownFileType = sourcecode.swift; path = Accounts.swift; sourceTree = "<group>"; };
		12D23C1E2754127000F3D18D /* Preferences.storyboard */ = {isa = PBXFileReference; lastKnownFileType = file.storyboard; path = Preferences.storyboard; sourceTree = "<group>"; };
		12D23C2027541C0B00F3D18D /* WindowTitleUpdatingTabViewController.swift */ = {isa = PBXFileReference; lastKnownFileType = sourcecode.swift; path = WindowTitleUpdatingTabViewController.swift; sourceTree = "<group>"; };
		12D23C222754204B00F3D18D /* AccountsViewController.swift */ = {isa = PBXFileReference; lastKnownFileType = sourcecode.swift; path = AccountsViewController.swift; sourceTree = "<group>"; };
		12DAC9DA28611649006B3B1D /* Messages.storyboard */ = {isa = PBXFileReference; lastKnownFileType = file.storyboard; path = Messages.storyboard; sourceTree = "<group>"; };
		12DAC9DC286116F8006B3B1D /* NSScrollView+Scrolling.swift */ = {isa = PBXFileReference; lastKnownFileType = sourcecode.swift; path = "NSScrollView+Scrolling.swift"; sourceTree = "<group>"; };
		12DAC9DE286117A7006B3B1D /* MessagesViewControllerDelegate.swift */ = {isa = PBXFileReference; lastKnownFileType = sourcecode.swift; path = MessagesViewControllerDelegate.swift; sourceTree = "<group>"; };
		12DAC9E028611B10006B3B1D /* MessagesViewController+Data Source.swift */ = {isa = PBXFileReference; lastKnownFileType = sourcecode.swift; path = "MessagesViewController+Data Source.swift"; sourceTree = "<group>"; };
		12DAC9E228611BAD006B3B1D /* MessagesViewController+Testing.swift */ = {isa = PBXFileReference; lastKnownFileType = sourcecode.swift; path = "MessagesViewController+Testing.swift"; sourceTree = "<group>"; };
		12DAC9E4286127B4006B3B1D /* MessagesViewController+Messages.swift */ = {isa = PBXFileReference; lastKnownFileType = sourcecode.swift; path = "MessagesViewController+Messages.swift"; sourceTree = "<group>"; };
		12DCEAA22751E38500A0A626 /* NavigatorOutlineItem.swift */ = {isa = PBXFileReference; lastKnownFileType = sourcecode.swift; path = NavigatorOutlineItem.swift; sourceTree = "<group>"; };
		12DCEAA42751E60C00A0A626 /* ChannelSorting.swift */ = {isa = PBXFileReference; lastKnownFileType = sourcecode.swift; path = ChannelSorting.swift; sourceTree = "<group>"; };
		12DE5A312911D565003877D4 /* Capabilities.swift */ = {isa = PBXFileReference; lastKnownFileType = sourcecode.swift; path = Capabilities.swift; sourceTree = "<group>"; };
		12E2100228B9BB0E00834C8F /* TypingState.swift */ = {isa = PBXFileReference; lastKnownFileType = sourcecode.swift; path = TypingState.swift; sourceTree = "<group>"; };
		12E6DD9E2867CF9800FD72A2 /* GroupDMChannel.swift */ = {isa = PBXFileReference; lastKnownFileType = sourcecode.swift; path = GroupDMChannel.swift; sourceTree = "<group>"; };
		12E6DDA12867D5A600FD72A2 /* SerpentJSONDecoder.swift */ = {isa = PBXFileReference; lastKnownFileType = sourcecode.swift; path = SerpentJSONDecoder.swift; sourceTree = "<group>"; };
		12E6DDA32867D66700FD72A2 /* ChannelType.swift */ = {isa = PBXFileReference; lastKnownFileType = sourcecode.swift; path = ChannelType.swift; sourceTree = "<group>"; };
		12E6DDA72867D89E00FD72A2 /* PrivateChannel.swift */ = {isa = PBXFileReference; lastKnownFileType = sourcecode.swift; path = PrivateChannel.swift; sourceTree = "<group>"; };
		12E6DDA92867D8B900FD72A2 /* DMChannel.swift */ = {isa = PBXFileReference; lastKnownFileType = sourcecode.swift; path = DMChannel.swift; sourceTree = "<group>"; };
		12E80A592752AC1F00ACD979 /* NSView+Nib.swift */ = {isa = PBXFileReference; lastKnownFileType = sourcecode.swift; path = "NSView+Nib.swift"; sourceTree = "<group>"; };
		12EB5FA32866A41F0012F938 /* HTTPInspector.storyboard */ = {isa = PBXFileReference; lastKnownFileType = file.storyboard; path = HTTPInspector.storyboard; sourceTree = "<group>"; };
		12EB5FA52866A46D0012F938 /* HTTPInspectorController.swift */ = {isa = PBXFileReference; lastKnownFileType = sourcecode.swift; path = HTTPInspectorController.swift; sourceTree = "<group>"; };
		12EB5FA82866ACB80012F938 /* HTTPInspectorBodyHeadersController.swift */ = {isa = PBXFileReference; lastKnownFileType = sourcecode.swift; path = HTTPInspectorBodyHeadersController.swift; sourceTree = "<group>"; };
		12F4FD80273DFC1900B6AE64 /* Cyclone.app */ = {isa = PBXFileReference; explicitFileType = wrapper.application; includeInIndex = 0; path = Cyclone.app; sourceTree = BUILT_PRODUCTS_DIR; };
		12F4FD83273DFC1900B6AE64 /* AppDelegate.swift */ = {isa = PBXFileReference; lastKnownFileType = sourcecode.swift; path = AppDelegate.swift; sourceTree = "<group>"; };
		12F4FD85273DFC1900B6AE64 /* ChatViewController.swift */ = {isa = PBXFileReference; lastKnownFileType = sourcecode.swift; path = ChatViewController.swift; sourceTree = "<group>"; };
		12F4FD87273DFC1B00B6AE64 /* Assets.xcassets */ = {isa = PBXFileReference; lastKnownFileType = folder.assetcatalog; path = Assets.xcassets; sourceTree = "<group>"; };
		12F4FD8A273DFC1B00B6AE64 /* Base */ = {isa = PBXFileReference; lastKnownFileType = file.storyboard; name = Base; path = Base.lproj/Main.storyboard; sourceTree = "<group>"; };
		12F4FD8C273DFC1B00B6AE64 /* Cyclone.entitlements */ = {isa = PBXFileReference; lastKnownFileType = text.plist.entitlements; path = Cyclone.entitlements; sourceTree = "<group>"; };
		12F4FD91273DFC1B00B6AE64 /* CycloneTests.xctest */ = {isa = PBXFileReference; explicitFileType = wrapper.cfbundle; includeInIndex = 0; path = CycloneTests.xctest; sourceTree = BUILT_PRODUCTS_DIR; };
		12F4FD95273DFC1B00B6AE64 /* CycloneTests.swift */ = {isa = PBXFileReference; lastKnownFileType = sourcecode.swift; path = CycloneTests.swift; sourceTree = "<group>"; };
		12F4FD9B273DFC1B00B6AE64 /* CycloneUITests.xctest */ = {isa = PBXFileReference; explicitFileType = wrapper.cfbundle; includeInIndex = 0; path = CycloneUITests.xctest; sourceTree = BUILT_PRODUCTS_DIR; };
		12F4FD9F273DFC1B00B6AE64 /* CycloneUITests.swift */ = {isa = PBXFileReference; lastKnownFileType = sourcecode.swift; path = CycloneUITests.swift; sourceTree = "<group>"; };
		12F4FDA1273DFC1B00B6AE64 /* CycloneUITestsLaunchTests.swift */ = {isa = PBXFileReference; lastKnownFileType = sourcecode.swift; path = CycloneUITestsLaunchTests.swift; sourceTree = "<group>"; };
		12F4FDB3273DFCD000B6AE64 /* Tempest.framework */ = {isa = PBXFileReference; explicitFileType = wrapper.framework; includeInIndex = 0; path = Tempest.framework; sourceTree = BUILT_PRODUCTS_DIR; };
		12F4FDB5273DFCD000B6AE64 /* Tempest.h */ = {isa = PBXFileReference; lastKnownFileType = sourcecode.c.h; path = Tempest.h; sourceTree = "<group>"; };
		12F4FDB6273DFCD000B6AE64 /* Tempest.docc */ = {isa = PBXFileReference; lastKnownFileType = folder.documentationcatalog; path = Tempest.docc; sourceTree = "<group>"; };
		12F4FDBC273DFCD000B6AE64 /* TempestTests.xctest */ = {isa = PBXFileReference; explicitFileType = wrapper.cfbundle; includeInIndex = 0; path = TempestTests.xctest; sourceTree = BUILT_PRODUCTS_DIR; };
		12F4FDC3273DFCD000B6AE64 /* TempestTests.swift */ = {isa = PBXFileReference; lastKnownFileType = sourcecode.swift; path = TempestTests.swift; sourceTree = "<group>"; };
		12FAA7642827C29E00205A5B /* InspectorMessagesController.swift */ = {isa = PBXFileReference; lastKnownFileType = sourcecode.swift; path = InspectorMessagesController.swift; sourceTree = "<group>"; };
		12FEDA8329135447006BA613 /* ReferencedMessagePreviewView.swift */ = {isa = PBXFileReference; lastKnownFileType = sourcecode.swift; path = ReferencedMessagePreviewView.swift; sourceTree = "<group>"; };
		12FEDA8629135E72006BA613 /* AvatarView.swift */ = {isa = PBXFileReference; lastKnownFileType = sourcecode.swift; path = AvatarView.swift; sourceTree = "<group>"; };
		12FEDA882913607F006BA613 /* MessageAuthorNameView.swift */ = {isa = PBXFileReference; lastKnownFileType = sourcecode.swift; path = MessageAuthorNameView.swift; sourceTree = "<group>"; };
		12FEDA8A2913C014006BA613 /* Defaults.swift */ = {isa = PBXFileReference; lastKnownFileType = sourcecode.swift; path = Defaults.swift; sourceTree = "<group>"; };
		12FEDA8C2913CC5E006BA613 /* MessageFieldAccessoriesView.swift */ = {isa = PBXFileReference; lastKnownFileType = sourcecode.swift; path = MessageFieldAccessoriesView.swift; sourceTree = "<group>"; };
		B8EFC2F5275197ED0010B894 /* PermissionOverwrites.swift */ = {isa = PBXFileReference; lastKnownFileType = sourcecode.swift; path = PermissionOverwrites.swift; sourceTree = "<group>"; };
		B8EFC2F92751A9350010B894 /* CurrentUser.swift */ = {isa = PBXFileReference; lastKnownFileType = sourcecode.swift; path = CurrentUser.swift; sourceTree = "<group>"; };
/* End PBXFileReference section */

/* Begin PBXFrameworksBuildPhase section */
		12F4FD7D273DFC1900B6AE64 /* Frameworks */ = {
			isa = PBXFrameworksBuildPhase;
			buildActionMask = 2147483647;
			files = (
				1296E31728559AE300CDFD2E /* Kingfisher in Frameworks */,
				12A66644285567A200172D99 /* OrderedCollections in Frameworks */,
				129FBBF22812913400BD5D09 /* SwiftyJSON in Frameworks */,
				12F4FDC8273DFCD000B6AE64 /* Tempest.framework in Frameworks */,
				129FBBF52812918C00BD5D09 /* Codextended in Frameworks */,
				121B6FBB273E32D6000DD150 /* ArgumentParser in Frameworks */,
			);
			runOnlyForDeploymentPostprocessing = 0;
		};
		12F4FD8E273DFC1B00B6AE64 /* Frameworks */ = {
			isa = PBXFrameworksBuildPhase;
			buildActionMask = 2147483647;
			files = (
			);
			runOnlyForDeploymentPostprocessing = 0;
		};
		12F4FD98273DFC1B00B6AE64 /* Frameworks */ = {
			isa = PBXFrameworksBuildPhase;
			buildActionMask = 2147483647;
			files = (
			);
			runOnlyForDeploymentPostprocessing = 0;
		};
		12F4FDB0273DFCD000B6AE64 /* Frameworks */ = {
			isa = PBXFrameworksBuildPhase;
			buildActionMask = 2147483647;
			files = (
				1259D6E22817696F006AE1D1 /* Codextended in Frameworks */,
				1259D6DE28176964006AE1D1 /* SwiftyJSON in Frameworks */,
				12AB41622869467F00D54786 /* OrderedCollections in Frameworks */,
			);
			runOnlyForDeploymentPostprocessing = 0;
		};
		12F4FDB9273DFCD000B6AE64 /* Frameworks */ = {
			isa = PBXFrameworksBuildPhase;
			buildActionMask = 2147483647;
			files = (
				12F4FDBD273DFCD000B6AE64 /* Tempest.framework in Frameworks */,
			);
			runOnlyForDeploymentPostprocessing = 0;
		};
/* End PBXFrameworksBuildPhase section */

/* Begin PBXGroup section */
		120A78D92741EC260099834B /* WebSocket */ = {
			isa = PBXGroup;
			children = (
				120A78D72741E9A70099834B /* WebSocket.swift */,
				120A78DA2741F9BE0099834B /* WebSocketEvent.swift */,
				12BB68082861BF9E0078CCEC /* WebSocketState.swift */,
			);
			path = WebSocket;
			sourceTree = "<group>";
		};
		120BB44A29148AF100AD910D /* Sounds */ = {
			isa = PBXGroup;
			children = (
				120BB44C29148C4B00AD910D /* ClickHigh.aif */,
				120BB45029148CB500AD910D /* ClickMid.aif */,
				120BB44D29148C4B00AD910D /* ClickLow.aif */,
			);
			path = Sounds;
			sourceTree = "<group>";
		};
		121F9314274CF609007F81CC /* Navigator */ = {
			isa = PBXGroup;
			children = (
				121F931B274CF841007F81CC /* NavigatorViewController.swift */,
				1260A75A275163F00099CA3B /* NavigatorViewControllerDelegate.swift */,
				123F622E275183A8001D3D61 /* NavigatorGuildCellView.swift */,
				12DCEAA22751E38500A0A626 /* NavigatorOutlineItem.swift */,
				121F9319274CF631007F81CC /* ChannelRef.swift */,
				12DCEAA42751E60C00A0A626 /* ChannelSorting.swift */,
			);
			path = Navigator;
			sourceTree = "<group>";
		};
		121F9315274CF613007F81CC /* Messages */ = {
			isa = PBXGroup;
			children = (
				121F930F274CF318007F81CC /* MessagesViewController.swift */,
				12DAC9E4286127B4006B3B1D /* MessagesViewController+Messages.swift */,
				12DAC9E028611B10006B3B1D /* MessagesViewController+Data Source.swift */,
				127F3BFA2911A5D200067C6C /* MessagesViewController+Table View Delegate.swift */,
				12DAC9E228611BAD006B3B1D /* MessagesViewController+Testing.swift */,
				12DAC9DE286117A7006B3B1D /* MessagesViewControllerDelegate.swift */,
				12DAC9DA28611649006B3B1D /* Messages.storyboard */,
				1297448A2857415200CDB201 /* LoadingAttachmentView.swift */,
				12C74E43286A8E01003561A3 /* UnifiedMessageRow.xib */,
				12C74E45286A8E4B003561A3 /* UnifiedMessageRow.swift */,
				129B6030286AEBF60096FB67 /* IntrinsicImageView.swift */,
				12FEDA8329135447006BA613 /* ReferencedMessagePreviewView.swift */,
				12FEDA882913607F006BA613 /* MessageAuthorNameView.swift */,
				12FEDA8C2913CC5E006BA613 /* MessageFieldAccessoriesView.swift */,
				120BB4522914CA6900AD910D /* QuickSelectOutlineFloater.swift */,
			);
			path = Messages;
			sourceTree = "<group>";
		};
		12552C9A273F3DD4007D92B1 /* HTTP */ = {
			isa = PBXGroup;
			children = (
				12552C9B273F3DDA007D92B1 /* HTTP.swift */,
				126A8800285E95B90014DC40 /* HTTPLog.swift */,
				126A87FE285E933E0014DC40 /* HTTPMethod.swift */,
				12552C9D273F3FE2007D92B1 /* SpoofedRequestType.swift */,
			);
			path = HTTP;
			sourceTree = "<group>";
		};
		12880BBB28B4D66C00A01238 /* Typing */ = {
			isa = PBXGroup;
			children = (
				12880BBC28B4D67300A01238 /* TypingView.swift */,
				12880BBE28B4D6C200A01238 /* TypingBridge.swift */,
			);
			path = Typing;
			sourceTree = "<group>";
		};
		12894911274C8F9E00850D5E /* Models */ = {
			isa = PBXGroup;
			children = (
				12E6DDA02867CF9D00FD72A2 /* Channel */,
				12894912274C8FA200850D5E /* Guild.swift */,
				12894914274C8FB900850D5E /* Snowflake.swift */,
				12894916274C904E00850D5E /* Asset.swift */,
				12945080274D3A240024C744 /* Message.swift */,
				12945082274D3A410024C744 /* User.swift */,
				B8EFC2F5275197ED0010B894 /* PermissionOverwrites.swift */,
				B8EFC2F92751A9350010B894 /* CurrentUser.swift */,
				1296E3182855AD2700CDFD2E /* Attachment.swift */,
				12861A75285DC49B00C85F86 /* Ref.swift */,
			);
			path = Models;
			sourceTree = "<group>";
		};
		1289491C274CB34E00850D5E /* Chat */ = {
			isa = PBXGroup;
			children = (
				12FEDA8529135E69006BA613 /* Views */,
				12880BBB28B4D66C00A01238 /* Typing */,
				121F9314274CF609007F81CC /* Navigator */,
				121F9315274CF613007F81CC /* Messages */,
				12F4FD85273DFC1900B6AE64 /* ChatViewController.swift */,
				126B91052870EF6E002AA7AA /* ChatWindowController.swift */,
				1210E6E9274CC18300BF8C9B /* RoundingView.swift */,
				12BB68042861A83A0078CCEC /* StatusBarContainerController.swift */,
				12BB68062861ADC00078CCEC /* ConnectionStatusView.swift */,
			);
			path = Chat;
			sourceTree = "<group>";
		};
		128C767B273E0A5C008FD585 /* Frameworks */ = {
			isa = PBXGroup;
			children = (
			);
			name = Frameworks;
			sourceTree = "<group>";
		};
		128E2A3527540B860098BB84 /* Accounts */ = {
			isa = PBXGroup;
			children = (
				12D23C1927540BAE00F3D18D /* Account.swift */,
				12D23C1B27540CF200F3D18D /* Accounts.swift */,
				129ED06A2818ED4B009FDAD7 /* AccountEditorController.swift */,
				126B91032870E87B002AA7AA /* Session.swift */,
			);
			path = Accounts;
			sourceTree = "<group>";
		};
		129AF793273E62BC00B3851C /* Gateway */ = {
			isa = PBXGroup;
			children = (
				12897BF3273E2BF400403E5B /* Opcode.swift */,
				120849FC29E398D1000BAF7D /* Decompression.swift */,
				12897BF1273E25C700403E5B /* GatewayConnection.swift */,
				129AF794273E653100B3851C /* GatewayPacket.swift */,
				1259D6E328176E0E006AE1D1 /* AnyGatewayPacket.swift */,
				12AB415F286925F200D54786 /* ReadyPacket.swift */,
				12880BC028B4DF2600A01238 /* GuildSubscription.swift */,
				12880BC228B4E3BC00A01238 /* TypingEvent.swift */,
			);
			path = Gateway;
			sourceTree = "<group>";
		};
		12AB415C286919EF00D54786 /* Client */ = {
			isa = PBXGroup;
			children = (
				128C7672273DFD0E008FD585 /* Client.swift */,
				128C7676273E04D2008FD585 /* Disguise.swift */,
				12AB415D28691A0300D54786 /* Cache.swift */,
				12E2100228B9BB0E00834C8F /* TypingState.swift */,
				12DE5A312911D565003877D4 /* Capabilities.swift */,
			);
			path = Client;
			sourceTree = "<group>";
		};
		12CB09572740D47000F28AD5 /* Inspector */ = {
			isa = PBXGroup;
			children = (
				12EB5FA72866AC850012F938 /* Inspectors */,
				12B99C1D27410A5A0048D2DB /* LogStore.swift */,
				12B99C2127410AD00048D2DB /* LogMessage.swift */,
				12B99C2327410B010048D2DB /* PacketDirection.swift */,
				12AB3D7F274C224200934345 /* InspectorController.swift */,
				12C1D4B82827B9ED005D21A4 /* Inspector.storyboard */,
				12FAA7642827C29E00205A5B /* InspectorMessagesController.swift */,
				126A8802285E97830014DC40 /* InspectorSummaryCellView.swift */,
				120E8CFC28AFAE7900AA0EEF /* APIURLTruncationAttachment.swift */,
			);
			path = Inspector;
			sourceTree = "<group>";
		};
		12CD0225274217D800F136A5 /* Support */ = {
			isa = PBXGroup;
			children = (
				12CD0226274217E600F136A5 /* Publisher+Buffer.swift */,
				1259D6D72816AA55006AE1D1 /* Decodable+Int.swift */,
				12880BC428B4E7E400A01238 /* JSON+Reparse.swift */,
			);
			path = Support;
			sourceTree = "<group>";
		};
		12D23C1D2754126800F3D18D /* Preferences */ = {
			isa = PBXGroup;
			children = (
				12D23C1E2754127000F3D18D /* Preferences.storyboard */,
				12D23C2027541C0B00F3D18D /* WindowTitleUpdatingTabViewController.swift */,
				12D23C222754204B00F3D18D /* AccountsViewController.swift */,
			);
			path = Preferences;
			sourceTree = "<group>";
		};
		12E6DDA02867CF9D00FD72A2 /* Channel */ = {
			isa = PBXGroup;
			children = (
				12E6DDA32867D66700FD72A2 /* ChannelType.swift */,
				12894918274C91C700850D5E /* GuildChannel.swift */,
				12E6DDA92867D8B900FD72A2 /* DMChannel.swift */,
				12E6DD9E2867CF9800FD72A2 /* GroupDMChannel.swift */,
				12E6DDA72867D89E00FD72A2 /* PrivateChannel.swift */,
			);
			path = Channel;
			sourceTree = "<group>";
		};
		12E80A582752AC1600ACD979 /* Support */ = {
			isa = PBXGroup;
			children = (
				12E80A592752AC1F00ACD979 /* NSView+Nib.swift */,
				12093A5D281BC11000FAE304 /* BasiliskError.swift */,
				12DAC9DC286116F8006B3B1D /* NSScrollView+Scrolling.swift */,
				126B91012870B48C002AA7AA /* NSImageView+Kingfisher.swift */,
				12FEDA8A2913C014006BA613 /* Defaults.swift */,
			);
			path = Support;
			sourceTree = "<group>";
		};
		12EB5FA72866AC850012F938 /* Inspectors */ = {
			isa = PBXGroup;
			children = (
				123B8131285FAC58008B0145 /* JSONInspector.storyboard */,
				126A8804285ECEA40014DC40 /* JSONInspectorViewController.swift */,
				12EB5FA32866A41F0012F938 /* HTTPInspector.storyboard */,
				12EB5FA52866A46D0012F938 /* HTTPInspectorController.swift */,
				12EB5FA82866ACB80012F938 /* HTTPInspectorBodyHeadersController.swift */,
			);
			path = Inspectors;
			sourceTree = "<group>";
		};
		12F4FD77273DFC1900B6AE64 = {
			isa = PBXGroup;
			children = (
				12F4FD82273DFC1900B6AE64 /* Cyclone */,
				12F4FD94273DFC1B00B6AE64 /* CycloneTests */,
				12F4FD9E273DFC1B00B6AE64 /* CycloneUITests */,
				12F4FDB4273DFCD000B6AE64 /* Tempest */,
				12F4FDC2273DFCD000B6AE64 /* TempestTests */,
				12F4FD81273DFC1900B6AE64 /* Products */,
				128C767B273E0A5C008FD585 /* Frameworks */,
			);
			indentWidth = 2;
			sourceTree = "<group>";
			tabWidth = 2;
		};
		12F4FD81273DFC1900B6AE64 /* Products */ = {
			isa = PBXGroup;
			children = (
				12F4FD80273DFC1900B6AE64 /* Cyclone.app */,
				12F4FD91273DFC1B00B6AE64 /* CycloneTests.xctest */,
				12F4FD9B273DFC1B00B6AE64 /* CycloneUITests.xctest */,
				12F4FDB3273DFCD000B6AE64 /* Tempest.framework */,
				12F4FDBC273DFCD000B6AE64 /* TempestTests.xctest */,
			);
			name = Products;
			sourceTree = "<group>";
		};
		12F4FD82273DFC1900B6AE64 /* Cyclone */ = {
			isa = PBXGroup;
			children = (
				120BB44A29148AF100AD910D /* Sounds */,
				12D23C1D2754126800F3D18D /* Preferences */,
				128E2A3527540B860098BB84 /* Accounts */,
				12E80A582752AC1600ACD979 /* Support */,
				1289491C274CB34E00850D5E /* Chat */,
				12CB09572740D47000F28AD5 /* Inspector */,
				12F4FD83273DFC1900B6AE64 /* AppDelegate.swift */,
				12F4FD87273DFC1B00B6AE64 /* Assets.xcassets */,
				12F4FD89273DFC1B00B6AE64 /* Main.storyboard */,
				12F4FD8C273DFC1B00B6AE64 /* Cyclone.entitlements */,
			);
			path = Cyclone;
			sourceTree = "<group>";
		};
		12F4FD94273DFC1B00B6AE64 /* CycloneTests */ = {
			isa = PBXGroup;
			children = (
				12F4FD95273DFC1B00B6AE64 /* CycloneTests.swift */,
			);
			path = CycloneTests;
			sourceTree = "<group>";
		};
		12F4FD9E273DFC1B00B6AE64 /* CycloneUITests */ = {
			isa = PBXGroup;
			children = (
				12F4FD9F273DFC1B00B6AE64 /* CycloneUITests.swift */,
				12F4FDA1273DFC1B00B6AE64 /* CycloneUITestsLaunchTests.swift */,
			);
			path = CycloneUITests;
			sourceTree = "<group>";
		};
		12F4FDB4273DFCD000B6AE64 /* Tempest */ = {
			isa = PBXGroup;
			children = (
				12AB415C286919EF00D54786 /* Client */,
				12894911274C8F9E00850D5E /* Models */,
				12CD0225274217D800F136A5 /* Support */,
				120A78D92741EC260099834B /* WebSocket */,
				12552C9A273F3DD4007D92B1 /* HTTP */,
				129AF793273E62BC00B3851C /* Gateway */,
				12F4FDB5273DFCD000B6AE64 /* Tempest.h */,
				12F4FDB6273DFCD000B6AE64 /* Tempest.docc */,
				128C7674273DFF73008FD585 /* Branch.swift */,
				12861A77285DD21600C85F86 /* Constants.swift */,
				12E6DDA12867D5A600FD72A2 /* SerpentJSONDecoder.swift */,
				127F3BF829119CF400067C6C /* SerpentDefaults.swift */,
			);
			path = Tempest;
			sourceTree = "<group>";
		};
		12F4FDC2273DFCD000B6AE64 /* TempestTests */ = {
			isa = PBXGroup;
			children = (
				12F4FDC3273DFCD000B6AE64 /* TempestTests.swift */,
			);
			path = TempestTests;
			sourceTree = "<group>";
		};
		12FEDA8529135E69006BA613 /* Views */ = {
			isa = PBXGroup;
			children = (
				12FEDA8629135E72006BA613 /* AvatarView.swift */,
			);
			path = Views;
			sourceTree = "<group>";
		};
/* End PBXGroup section */

/* Begin PBXHeadersBuildPhase section */
		12F4FDAE273DFCD000B6AE64 /* Headers */ = {
			isa = PBXHeadersBuildPhase;
			buildActionMask = 2147483647;
			files = (
				12F4FDC5273DFCD000B6AE64 /* Tempest.h in Headers */,
			);
			runOnlyForDeploymentPostprocessing = 0;
		};
/* End PBXHeadersBuildPhase section */

/* Begin PBXNativeTarget section */
		12F4FD7F273DFC1900B6AE64 /* Cyclone */ = {
			isa = PBXNativeTarget;
			buildConfigurationList = 12F4FDA5273DFC1B00B6AE64 /* Build configuration list for PBXNativeTarget "Cyclone" */;
			buildPhases = (
				12F4FD7C273DFC1900B6AE64 /* Sources */,
				12F4FD7D273DFC1900B6AE64 /* Frameworks */,
				12F4FD7E273DFC1900B6AE64 /* Resources */,
				12F4FDCD273DFCD000B6AE64 /* Embed Frameworks */,
			);
			buildRules = (
			);
			dependencies = (
				12F4FDC7273DFCD000B6AE64 /* PBXTargetDependency */,
			);
			name = Cyclone;
			packageProductDependencies = (
				121B6FBA273E32D5000DD150 /* ArgumentParser */,
				129FBBF12812913400BD5D09 /* SwiftyJSON */,
				129FBBF42812918C00BD5D09 /* Codextended */,
				12A66643285567A200172D99 /* OrderedCollections */,
				1296E31628559AE300CDFD2E /* Kingfisher */,
			);
			productName = Basilisk;
			productReference = 12F4FD80273DFC1900B6AE64 /* Cyclone.app */;
			productType = "com.apple.product-type.application";
		};
		12F4FD90273DFC1B00B6AE64 /* CycloneTests */ = {
			isa = PBXNativeTarget;
			buildConfigurationList = 12F4FDA8273DFC1B00B6AE64 /* Build configuration list for PBXNativeTarget "CycloneTests" */;
			buildPhases = (
				12F4FD8D273DFC1B00B6AE64 /* Sources */,
				12F4FD8E273DFC1B00B6AE64 /* Frameworks */,
				12F4FD8F273DFC1B00B6AE64 /* Resources */,
			);
			buildRules = (
			);
			dependencies = (
				12F4FD93273DFC1B00B6AE64 /* PBXTargetDependency */,
			);
			name = CycloneTests;
			productName = BasiliskTests;
			productReference = 12F4FD91273DFC1B00B6AE64 /* CycloneTests.xctest */;
			productType = "com.apple.product-type.bundle.unit-test";
		};
		12F4FD9A273DFC1B00B6AE64 /* CycloneUITests */ = {
			isa = PBXNativeTarget;
			buildConfigurationList = 12F4FDAB273DFC1B00B6AE64 /* Build configuration list for PBXNativeTarget "CycloneUITests" */;
			buildPhases = (
				12F4FD97273DFC1B00B6AE64 /* Sources */,
				12F4FD98273DFC1B00B6AE64 /* Frameworks */,
				12F4FD99273DFC1B00B6AE64 /* Resources */,
			);
			buildRules = (
			);
			dependencies = (
				12F4FD9D273DFC1B00B6AE64 /* PBXTargetDependency */,
			);
			name = CycloneUITests;
			productName = BasiliskUITests;
			productReference = 12F4FD9B273DFC1B00B6AE64 /* CycloneUITests.xctest */;
			productType = "com.apple.product-type.bundle.ui-testing";
		};
		12F4FDB2273DFCD000B6AE64 /* Tempest */ = {
			isa = PBXNativeTarget;
			buildConfigurationList = 12F4FDCA273DFCD000B6AE64 /* Build configuration list for PBXNativeTarget "Tempest" */;
			buildPhases = (
				12F4FDAE273DFCD000B6AE64 /* Headers */,
				12F4FDAF273DFCD000B6AE64 /* Sources */,
				12F4FDB0273DFCD000B6AE64 /* Frameworks */,
				12F4FDB1273DFCD000B6AE64 /* Resources */,
			);
			buildRules = (
			);
			dependencies = (
				1259D6E02817696C006AE1D1 /* PBXTargetDependency */,
				1259D6DC28176957006AE1D1 /* PBXTargetDependency */,
			);
			name = Tempest;
			packageProductDependencies = (
				1259D6DD28176964006AE1D1 /* SwiftyJSON */,
				1259D6E12817696F006AE1D1 /* Codextended */,
				12AB41612869467F00D54786 /* OrderedCollections */,
			);
			productName = Contempt;
			productReference = 12F4FDB3273DFCD000B6AE64 /* Tempest.framework */;
			productType = "com.apple.product-type.framework";
		};
		12F4FDBB273DFCD000B6AE64 /* TempestTests */ = {
			isa = PBXNativeTarget;
			buildConfigurationList = 12F4FDCE273DFCD000B6AE64 /* Build configuration list for PBXNativeTarget "TempestTests" */;
			buildPhases = (
				12F4FDB8273DFCD000B6AE64 /* Sources */,
				12F4FDB9273DFCD000B6AE64 /* Frameworks */,
				12F4FDBA273DFCD000B6AE64 /* Resources */,
			);
			buildRules = (
			);
			dependencies = (
				12F4FDBF273DFCD000B6AE64 /* PBXTargetDependency */,
				12F4FDC1273DFCD000B6AE64 /* PBXTargetDependency */,
			);
			name = TempestTests;
			productName = ContemptTests;
			productReference = 12F4FDBC273DFCD000B6AE64 /* TempestTests.xctest */;
			productType = "com.apple.product-type.bundle.unit-test";
		};
/* End PBXNativeTarget section */

/* Begin PBXProject section */
		12F4FD78273DFC1900B6AE64 /* Project object */ = {
			isa = PBXProject;
			attributes = {
				BuildIndependentTargetsInParallel = 1;
				LastSwiftUpdateCheck = 1320;
				LastUpgradeCheck = 1400;
				TargetAttributes = {
					12F4FD7F273DFC1900B6AE64 = {
						CreatedOnToolsVersion = 13.2;
					};
					12F4FD90273DFC1B00B6AE64 = {
						CreatedOnToolsVersion = 13.2;
						TestTargetID = 12F4FD7F273DFC1900B6AE64;
					};
					12F4FD9A273DFC1B00B6AE64 = {
						CreatedOnToolsVersion = 13.2;
						TestTargetID = 12F4FD7F273DFC1900B6AE64;
					};
					12F4FDB2273DFCD000B6AE64 = {
						CreatedOnToolsVersion = 13.2;
					};
					12F4FDBB273DFCD000B6AE64 = {
						CreatedOnToolsVersion = 13.2;
						TestTargetID = 12F4FD7F273DFC1900B6AE64;
					};
				};
			};
			buildConfigurationList = 12F4FD7B273DFC1900B6AE64 /* Build configuration list for PBXProject "Cyclone" */;
			compatibilityVersion = "Xcode 13.0";
			developmentRegion = en;
			hasScannedForEncodings = 0;
			knownRegions = (
				en,
				Base,
			);
			mainGroup = 12F4FD77273DFC1900B6AE64;
			packageReferences = (
				121B6FB9273E32D5000DD150 /* XCRemoteSwiftPackageReference "swift-argument-parser" */,
				129FBBF02812913400BD5D09 /* XCRemoteSwiftPackageReference "SwiftyJSON" */,
				129FBBF32812918C00BD5D09 /* XCRemoteSwiftPackageReference "Codextended" */,
				12A66642285567A200172D99 /* XCRemoteSwiftPackageReference "swift-collections" */,
				1296E31528559AE300CDFD2E /* XCRemoteSwiftPackageReference "Kingfisher" */,
			);
			productRefGroup = 12F4FD81273DFC1900B6AE64 /* Products */;
			projectDirPath = "";
			projectRoot = "";
			targets = (
				12F4FD7F273DFC1900B6AE64 /* Cyclone */,
				12F4FD90273DFC1B00B6AE64 /* CycloneTests */,
				12F4FD9A273DFC1B00B6AE64 /* CycloneUITests */,
				12F4FDB2273DFCD000B6AE64 /* Tempest */,
				12F4FDBB273DFCD000B6AE64 /* TempestTests */,
			);
		};
/* End PBXProject section */

/* Begin PBXResourcesBuildPhase section */
		12F4FD7E273DFC1900B6AE64 /* Resources */ = {
			isa = PBXResourcesBuildPhase;
			buildActionMask = 2147483647;
			files = (
				12EC06CC2A319B8300053133 /* Assets.xcassets in Resources */,
				120BB45129148CBF00AD910D /* ClickMid.aif in Resources */,
				120BB44E29148C5300AD910D /* ClickHigh.aif in Resources */,
				120BB44F29148C5300AD910D /* ClickLow.aif in Resources */,
				12D23C1F2754127000F3D18D /* Preferences.storyboard in Resources */,
				12EB5FA42866A4200012F938 /* HTTPInspector.storyboard in Resources */,
				12DAC9DB28611649006B3B1D /* Messages.storyboard in Resources */,
				12F4FD8B273DFC1B00B6AE64 /* Main.storyboard in Resources */,
				12C1D4B92827B9ED005D21A4 /* Inspector.storyboard in Resources */,
				12C74E44286A8E01003561A3 /* UnifiedMessageRow.xib in Resources */,
				123B8132285FAC58008B0145 /* JSONInspector.storyboard in Resources */,
			);
			runOnlyForDeploymentPostprocessing = 0;
		};
		12F4FD8F273DFC1B00B6AE64 /* Resources */ = {
			isa = PBXResourcesBuildPhase;
			buildActionMask = 2147483647;
			files = (
			);
			runOnlyForDeploymentPostprocessing = 0;
		};
		12F4FD99273DFC1B00B6AE64 /* Resources */ = {
			isa = PBXResourcesBuildPhase;
			buildActionMask = 2147483647;
			files = (
			);
			runOnlyForDeploymentPostprocessing = 0;
		};
		12F4FDB1273DFCD000B6AE64 /* Resources */ = {
			isa = PBXResourcesBuildPhase;
			buildActionMask = 2147483647;
			files = (
			);
			runOnlyForDeploymentPostprocessing = 0;
		};
		12F4FDBA273DFCD000B6AE64 /* Resources */ = {
			isa = PBXResourcesBuildPhase;
			buildActionMask = 2147483647;
			files = (
			);
			runOnlyForDeploymentPostprocessing = 0;
		};
/* End PBXResourcesBuildPhase section */

/* Begin PBXSourcesBuildPhase section */
		12F4FD7C273DFC1900B6AE64 /* Sources */ = {
			isa = PBXSourcesBuildPhase;
			buildActionMask = 2147483647;
			files = (
				12C74E46286A8E4B003561A3 /* UnifiedMessageRow.swift in Sources */,
				121F931A274CF631007F81CC /* ChannelRef.swift in Sources */,
				12FEDA8429135447006BA613 /* ReferencedMessagePreviewView.swift in Sources */,
				12DAC9DD286116F8006B3B1D /* NSScrollView+Scrolling.swift in Sources */,
				12B99C2427410B010048D2DB /* PacketDirection.swift in Sources */,
				12D23C2127541C0B00F3D18D /* WindowTitleUpdatingTabViewController.swift in Sources */,
				126B91062870EF6E002AA7AA /* ChatWindowController.swift in Sources */,
				12E80A5A2752AC1F00ACD979 /* NSView+Nib.swift in Sources */,
				12880BBF28B4D6C200A01238 /* TypingBridge.swift in Sources */,
				12F4FD86273DFC1900B6AE64 /* ChatViewController.swift in Sources */,
				12DAC9E128611B10006B3B1D /* MessagesViewController+Data Source.swift in Sources */,
				121F931C274CF841007F81CC /* NavigatorViewController.swift in Sources */,
				12EB5FA92866ACB80012F938 /* HTTPInspectorBodyHeadersController.swift in Sources */,
				12BB68052861A83A0078CCEC /* StatusBarContainerController.swift in Sources */,
				12DAC9E5286127B4006B3B1D /* MessagesViewController+Messages.swift in Sources */,
				12FEDA8B2913C014006BA613 /* Defaults.swift in Sources */,
				129B6031286AEBF60096FB67 /* IntrinsicImageView.swift in Sources */,
				1260A75B275163F00099CA3B /* NavigatorViewControllerDelegate.swift in Sources */,
				12880BBD28B4D67300A01238 /* TypingView.swift in Sources */,
				12BB68072861ADC00078CCEC /* ConnectionStatusView.swift in Sources */,
				126B91022870B48C002AA7AA /* NSImageView+Kingfisher.swift in Sources */,
				12AB3D80274C224200934345 /* InspectorController.swift in Sources */,
				123F622F275183A8001D3D61 /* NavigatorGuildCellView.swift in Sources */,
				126A8805285ECEA40014DC40 /* JSONInspectorViewController.swift in Sources */,
				12DAC9E328611BAD006B3B1D /* MessagesViewController+Testing.swift in Sources */,
				12F4FD84273DFC1900B6AE64 /* AppDelegate.swift in Sources */,
				121F9310274CF318007F81CC /* MessagesViewController.swift in Sources */,
				12D23C1C27540CF200F3D18D /* Accounts.swift in Sources */,
				126A8803285E97830014DC40 /* InspectorSummaryCellView.swift in Sources */,
				1210E6EA274CC18300BF8C9B /* RoundingView.swift in Sources */,
				129ED06B2818ED4B009FDAD7 /* AccountEditorController.swift in Sources */,
				12FAA7652827C29E00205A5B /* InspectorMessagesController.swift in Sources */,
				12DAC9DF286117A7006B3B1D /* MessagesViewControllerDelegate.swift in Sources */,
				12EB5FA62866A46D0012F938 /* HTTPInspectorController.swift in Sources */,
				12093A5E281BC11000FAE304 /* BasiliskError.swift in Sources */,
				126B91042870E87B002AA7AA /* Session.swift in Sources */,
				127F3BFB2911A5D200067C6C /* MessagesViewController+Table View Delegate.swift in Sources */,
				12FEDA892913607F006BA613 /* MessageAuthorNameView.swift in Sources */,
				12DCEAA52751E60C00A0A626 /* ChannelSorting.swift in Sources */,
				120BB4532914CA6900AD910D /* QuickSelectOutlineFloater.swift in Sources */,
				1297448B2857415200CDB201 /* LoadingAttachmentView.swift in Sources */,
				12B99C1E27410A5A0048D2DB /* LogStore.swift in Sources */,
				12B99C2227410AD00048D2DB /* LogMessage.swift in Sources */,
				12DCEAA32751E38500A0A626 /* NavigatorOutlineItem.swift in Sources */,
				120E8CFD28AFAE7900AA0EEF /* APIURLTruncationAttachment.swift in Sources */,
				12FEDA8D2913CC5E006BA613 /* MessageFieldAccessoriesView.swift in Sources */,
				12D23C232754204B00F3D18D /* AccountsViewController.swift in Sources */,
				12FEDA8729135E72006BA613 /* AvatarView.swift in Sources */,
				12D23C1A27540BAE00F3D18D /* Account.swift in Sources */,
			);
			runOnlyForDeploymentPostprocessing = 0;
		};
		12F4FD8D273DFC1B00B6AE64 /* Sources */ = {
			isa = PBXSourcesBuildPhase;
			buildActionMask = 2147483647;
			files = (
				12F4FD96273DFC1B00B6AE64 /* CycloneTests.swift in Sources */,
			);
			runOnlyForDeploymentPostprocessing = 0;
		};
		12F4FD97273DFC1B00B6AE64 /* Sources */ = {
			isa = PBXSourcesBuildPhase;
			buildActionMask = 2147483647;
			files = (
				12F4FDA2273DFC1B00B6AE64 /* CycloneUITestsLaunchTests.swift in Sources */,
				12F4FDA0273DFC1B00B6AE64 /* CycloneUITests.swift in Sources */,
			);
			runOnlyForDeploymentPostprocessing = 0;
		};
		12F4FDAF273DFCD000B6AE64 /* Sources */ = {
			isa = PBXSourcesBuildPhase;
			buildActionMask = 2147483647;
			files = (
				12DE5A322911D565003877D4 /* Capabilities.swift in Sources */,
				12CD0228274218AA00F136A5 /* Publisher+Buffer.swift in Sources */,
				12894919274C91C700850D5E /* GuildChannel.swift in Sources */,
				1259D6D82816AA55006AE1D1 /* Decodable+Int.swift in Sources */,
				12E6DDA82867D89E00FD72A2 /* PrivateChannel.swift in Sources */,
				12880BC328B4E3BC00A01238 /* TypingEvent.swift in Sources */,
				12AB415E28691A0300D54786 /* Cache.swift in Sources */,
				12880BC528B4E7E400A01238 /* JSON+Reparse.swift in Sources */,
				12552C9C273F3DDA007D92B1 /* HTTP.swift in Sources */,
				120849FD29E398D1000BAF7D /* Decompression.swift in Sources */,
				B8EFC2F6275197ED0010B894 /* PermissionOverwrites.swift in Sources */,
				12945081274D3A240024C744 /* Message.swift in Sources */,
				128C7673273DFD0E008FD585 /* Client.swift in Sources */,
				128C7675273DFF73008FD585 /* Branch.swift in Sources */,
				12897BF2273E25C700403E5B /* GatewayConnection.swift in Sources */,
				12861A78285DD21600C85F86 /* Constants.swift in Sources */,
				126A87FF285E933E0014DC40 /* HTTPMethod.swift in Sources */,
				129AF795273E653100B3851C /* GatewayPacket.swift in Sources */,
				12552C9E273F3FE2007D92B1 /* SpoofedRequestType.swift in Sources */,
				B8EFC2FA2751A9350010B894 /* CurrentUser.swift in Sources */,
				1259D6E428176E0E006AE1D1 /* AnyGatewayPacket.swift in Sources */,
				12897BF4273E2BF400403E5B /* Opcode.swift in Sources */,
				128C7677273E04D2008FD585 /* Disguise.swift in Sources */,
				12E2100328B9BB0E00834C8F /* TypingState.swift in Sources */,
				12E6DDA42867D66700FD72A2 /* ChannelType.swift in Sources */,
				12BB68092861BF9E0078CCEC /* WebSocketState.swift in Sources */,
				12AB4160286925F200D54786 /* ReadyPacket.swift in Sources */,
				127F3BF929119CF400067C6C /* SerpentDefaults.swift in Sources */,
				12F4FDB7273DFCD000B6AE64 /* Tempest.docc in Sources */,
				12894915274C8FB900850D5E /* Snowflake.swift in Sources */,
				12861A76285DC49C00C85F86 /* Ref.swift in Sources */,
				1296E3192855AD2700CDFD2E /* Attachment.swift in Sources */,
				12E6DDA22867D5A600FD72A2 /* SerpentJSONDecoder.swift in Sources */,
				120A78DB2741F9BE0099834B /* WebSocketEvent.swift in Sources */,
				12945083274D3A410024C744 /* User.swift in Sources */,
				12E6DD9F2867CF9800FD72A2 /* GroupDMChannel.swift in Sources */,
				12E6DDAA2867D8B900FD72A2 /* DMChannel.swift in Sources */,
				12894917274C904E00850D5E /* Asset.swift in Sources */,
				12880BC128B4DF2600A01238 /* GuildSubscription.swift in Sources */,
				120A78D82741E9A70099834B /* WebSocket.swift in Sources */,
				126A8801285E95B90014DC40 /* HTTPLog.swift in Sources */,
				12894913274C8FA200850D5E /* Guild.swift in Sources */,
			);
			runOnlyForDeploymentPostprocessing = 0;
		};
		12F4FDB8273DFCD000B6AE64 /* Sources */ = {
			isa = PBXSourcesBuildPhase;
			buildActionMask = 2147483647;
			files = (
				12F4FDC4273DFCD000B6AE64 /* TempestTests.swift in Sources */,
			);
			runOnlyForDeploymentPostprocessing = 0;
		};
/* End PBXSourcesBuildPhase section */

/* Begin PBXTargetDependency section */
		1259D6DC28176957006AE1D1 /* PBXTargetDependency */ = {
			isa = PBXTargetDependency;
			productRef = 1259D6DB28176957006AE1D1 /* SwiftyJSON */;
		};
		1259D6E02817696C006AE1D1 /* PBXTargetDependency */ = {
			isa = PBXTargetDependency;
			productRef = 1259D6DF2817696C006AE1D1 /* Codextended */;
		};
		12F4FD93273DFC1B00B6AE64 /* PBXTargetDependency */ = {
			isa = PBXTargetDependency;
			target = 12F4FD7F273DFC1900B6AE64 /* Cyclone */;
			targetProxy = 12F4FD92273DFC1B00B6AE64 /* PBXContainerItemProxy */;
		};
		12F4FD9D273DFC1B00B6AE64 /* PBXTargetDependency */ = {
			isa = PBXTargetDependency;
			target = 12F4FD7F273DFC1900B6AE64 /* Cyclone */;
			targetProxy = 12F4FD9C273DFC1B00B6AE64 /* PBXContainerItemProxy */;
		};
		12F4FDBF273DFCD000B6AE64 /* PBXTargetDependency */ = {
			isa = PBXTargetDependency;
			target = 12F4FDB2273DFCD000B6AE64 /* Tempest */;
			targetProxy = 12F4FDBE273DFCD000B6AE64 /* PBXContainerItemProxy */;
		};
		12F4FDC1273DFCD000B6AE64 /* PBXTargetDependency */ = {
			isa = PBXTargetDependency;
			target = 12F4FD7F273DFC1900B6AE64 /* Cyclone */;
			targetProxy = 12F4FDC0273DFCD000B6AE64 /* PBXContainerItemProxy */;
		};
		12F4FDC7273DFCD000B6AE64 /* PBXTargetDependency */ = {
			isa = PBXTargetDependency;
			target = 12F4FDB2273DFCD000B6AE64 /* Tempest */;
			targetProxy = 12F4FDC6273DFCD000B6AE64 /* PBXContainerItemProxy */;
		};
/* End PBXTargetDependency section */

/* Begin PBXVariantGroup section */
		12F4FD89273DFC1B00B6AE64 /* Main.storyboard */ = {
			isa = PBXVariantGroup;
			children = (
				12F4FD8A273DFC1B00B6AE64 /* Base */,
			);
			name = Main.storyboard;
			sourceTree = "<group>";
		};
/* End PBXVariantGroup section */

/* Begin XCBuildConfiguration section */
		12F4FDA3273DFC1B00B6AE64 /* Debug */ = {
			isa = XCBuildConfiguration;
			buildSettings = {
				ALWAYS_SEARCH_USER_PATHS = NO;
				CLANG_ANALYZER_NONNULL = YES;
				CLANG_ANALYZER_NUMBER_OBJECT_CONVERSION = YES_AGGRESSIVE;
				CLANG_CXX_LANGUAGE_STANDARD = "gnu++17";
				CLANG_CXX_LIBRARY = "libc++";
				CLANG_ENABLE_MODULES = YES;
				CLANG_ENABLE_OBJC_ARC = YES;
				CLANG_ENABLE_OBJC_WEAK = YES;
				CLANG_WARN_BLOCK_CAPTURE_AUTORELEASING = YES;
				CLANG_WARN_BOOL_CONVERSION = YES;
				CLANG_WARN_COMMA = YES;
				CLANG_WARN_CONSTANT_CONVERSION = YES;
				CLANG_WARN_DEPRECATED_OBJC_IMPLEMENTATIONS = YES;
				CLANG_WARN_DIRECT_OBJC_ISA_USAGE = YES_ERROR;
				CLANG_WARN_DOCUMENTATION_COMMENTS = YES;
				CLANG_WARN_EMPTY_BODY = YES;
				CLANG_WARN_ENUM_CONVERSION = YES;
				CLANG_WARN_INFINITE_RECURSION = YES;
				CLANG_WARN_INT_CONVERSION = YES;
				CLANG_WARN_NON_LITERAL_NULL_CONVERSION = YES;
				CLANG_WARN_OBJC_IMPLICIT_RETAIN_SELF = YES;
				CLANG_WARN_OBJC_LITERAL_CONVERSION = YES;
				CLANG_WARN_OBJC_ROOT_CLASS = YES_ERROR;
				CLANG_WARN_QUOTED_INCLUDE_IN_FRAMEWORK_HEADER = YES;
				CLANG_WARN_RANGE_LOOP_ANALYSIS = YES;
				CLANG_WARN_STRICT_PROTOTYPES = YES;
				CLANG_WARN_SUSPICIOUS_MOVE = YES;
				CLANG_WARN_UNGUARDED_AVAILABILITY = YES_AGGRESSIVE;
				CLANG_WARN_UNREACHABLE_CODE = YES;
				CLANG_WARN__DUPLICATE_METHOD_MATCH = YES;
				COPY_PHASE_STRIP = NO;
				DEAD_CODE_STRIPPING = YES;
				DEBUG_INFORMATION_FORMAT = dwarf;
				ENABLE_STRICT_OBJC_MSGSEND = YES;
				ENABLE_TESTABILITY = YES;
				GCC_C_LANGUAGE_STANDARD = gnu11;
				GCC_DYNAMIC_NO_PIC = NO;
				GCC_NO_COMMON_BLOCKS = YES;
				GCC_OPTIMIZATION_LEVEL = 0;
				GCC_PREPROCESSOR_DEFINITIONS = (
					"DEBUG=1",
					"$(inherited)",
				);
				GCC_WARN_64_TO_32_BIT_CONVERSION = YES;
				GCC_WARN_ABOUT_RETURN_TYPE = YES_ERROR;
				GCC_WARN_UNDECLARED_SELECTOR = YES;
				GCC_WARN_UNINITIALIZED_AUTOS = YES_AGGRESSIVE;
				GCC_WARN_UNUSED_FUNCTION = YES;
				GCC_WARN_UNUSED_VARIABLE = YES;
				MACOSX_DEPLOYMENT_TARGET = 12.4;
				MTL_ENABLE_DEBUG_INFO = INCLUDE_SOURCE;
				MTL_FAST_MATH = YES;
				ONLY_ACTIVE_ARCH = YES;
				SDKROOT = macosx;
				SWIFT_ACTIVE_COMPILATION_CONDITIONS = DEBUG;
				SWIFT_OPTIMIZATION_LEVEL = "-Onone";
			};
			name = Debug;
		};
		12F4FDA4273DFC1B00B6AE64 /* Release */ = {
			isa = XCBuildConfiguration;
			buildSettings = {
				ALWAYS_SEARCH_USER_PATHS = NO;
				CLANG_ANALYZER_NONNULL = YES;
				CLANG_ANALYZER_NUMBER_OBJECT_CONVERSION = YES_AGGRESSIVE;
				CLANG_CXX_LANGUAGE_STANDARD = "gnu++17";
				CLANG_CXX_LIBRARY = "libc++";
				CLANG_ENABLE_MODULES = YES;
				CLANG_ENABLE_OBJC_ARC = YES;
				CLANG_ENABLE_OBJC_WEAK = YES;
				CLANG_WARN_BLOCK_CAPTURE_AUTORELEASING = YES;
				CLANG_WARN_BOOL_CONVERSION = YES;
				CLANG_WARN_COMMA = YES;
				CLANG_WARN_CONSTANT_CONVERSION = YES;
				CLANG_WARN_DEPRECATED_OBJC_IMPLEMENTATIONS = YES;
				CLANG_WARN_DIRECT_OBJC_ISA_USAGE = YES_ERROR;
				CLANG_WARN_DOCUMENTATION_COMMENTS = YES;
				CLANG_WARN_EMPTY_BODY = YES;
				CLANG_WARN_ENUM_CONVERSION = YES;
				CLANG_WARN_INFINITE_RECURSION = YES;
				CLANG_WARN_INT_CONVERSION = YES;
				CLANG_WARN_NON_LITERAL_NULL_CONVERSION = YES;
				CLANG_WARN_OBJC_IMPLICIT_RETAIN_SELF = YES;
				CLANG_WARN_OBJC_LITERAL_CONVERSION = YES;
				CLANG_WARN_OBJC_ROOT_CLASS = YES_ERROR;
				CLANG_WARN_QUOTED_INCLUDE_IN_FRAMEWORK_HEADER = YES;
				CLANG_WARN_RANGE_LOOP_ANALYSIS = YES;
				CLANG_WARN_STRICT_PROTOTYPES = YES;
				CLANG_WARN_SUSPICIOUS_MOVE = YES;
				CLANG_WARN_UNGUARDED_AVAILABILITY = YES_AGGRESSIVE;
				CLANG_WARN_UNREACHABLE_CODE = YES;
				CLANG_WARN__DUPLICATE_METHOD_MATCH = YES;
				COPY_PHASE_STRIP = NO;
				DEAD_CODE_STRIPPING = YES;
				DEBUG_INFORMATION_FORMAT = "dwarf-with-dsym";
				ENABLE_NS_ASSERTIONS = NO;
				ENABLE_STRICT_OBJC_MSGSEND = YES;
				GCC_C_LANGUAGE_STANDARD = gnu11;
				GCC_NO_COMMON_BLOCKS = YES;
				GCC_WARN_64_TO_32_BIT_CONVERSION = YES;
				GCC_WARN_ABOUT_RETURN_TYPE = YES_ERROR;
				GCC_WARN_UNDECLARED_SELECTOR = YES;
				GCC_WARN_UNINITIALIZED_AUTOS = YES_AGGRESSIVE;
				GCC_WARN_UNUSED_FUNCTION = YES;
				GCC_WARN_UNUSED_VARIABLE = YES;
				MACOSX_DEPLOYMENT_TARGET = 12.4;
				MTL_ENABLE_DEBUG_INFO = NO;
				MTL_FAST_MATH = YES;
				SDKROOT = macosx;
				SWIFT_COMPILATION_MODE = wholemodule;
				SWIFT_OPTIMIZATION_LEVEL = "-O";
			};
			name = Release;
		};
		12F4FDA6273DFC1B00B6AE64 /* Debug */ = {
			isa = XCBuildConfiguration;
			buildSettings = {
				ALWAYS_EMBED_SWIFT_STANDARD_LIBRARIES = YES;
				ASSETCATALOG_COMPILER_APPICON_NAME = AppIcon;
				ASSETCATALOG_COMPILER_GLOBAL_ACCENT_COLOR_NAME = AccentColor;
				CODE_SIGN_ENTITLEMENTS = Cyclone/Cyclone.entitlements;
				CODE_SIGN_IDENTITY = "-";
				CODE_SIGN_STYLE = Automatic;
				COMBINE_HIDPI_IMAGES = YES;
				CURRENT_PROJECT_VERSION = 1;
				DEAD_CODE_STRIPPING = YES;
				GENERATE_INFOPLIST_FILE = YES;
				INFOPLIST_KEY_LSApplicationCategoryType = "public.app-category.social-networking";
				INFOPLIST_KEY_NSHumanReadableCopyright = "© 2022 Skip R.";
				INFOPLIST_KEY_NSMainStoryboardFile = Main;
				INFOPLIST_KEY_NSPrincipalClass = NSApplication;
				LD_RUNPATH_SEARCH_PATHS = (
					"$(inherited)",
					"@executable_path/../Frameworks",
				);
				MACOSX_DEPLOYMENT_TARGET = 12.4;
				MARKETING_VERSION = 1.0;
				OTHER_CODE_SIGN_FLAGS = "--deep";
				PRODUCT_BUNDLE_IDENTIFIER = zone.slice.Cyclone;
				PRODUCT_NAME = "$(TARGET_NAME)";
				SWIFT_EMIT_LOC_STRINGS = YES;
				SWIFT_STRICT_CONCURRENCY = minimal;
				SWIFT_VERSION = 5.0;
			};
			name = Debug;
		};
		12F4FDA7273DFC1B00B6AE64 /* Release */ = {
			isa = XCBuildConfiguration;
			buildSettings = {
				ALWAYS_EMBED_SWIFT_STANDARD_LIBRARIES = YES;
				ASSETCATALOG_COMPILER_APPICON_NAME = AppIcon;
				ASSETCATALOG_COMPILER_GLOBAL_ACCENT_COLOR_NAME = AccentColor;
				CODE_SIGN_ENTITLEMENTS = Cyclone/Cyclone.entitlements;
				CODE_SIGN_IDENTITY = "-";
				CODE_SIGN_STYLE = Automatic;
				COMBINE_HIDPI_IMAGES = YES;
				CURRENT_PROJECT_VERSION = 1;
				DEAD_CODE_STRIPPING = YES;
				GENERATE_INFOPLIST_FILE = YES;
				INFOPLIST_KEY_LSApplicationCategoryType = "public.app-category.social-networking";
				INFOPLIST_KEY_NSHumanReadableCopyright = "© 2022 Skip R.";
				INFOPLIST_KEY_NSMainStoryboardFile = Main;
				INFOPLIST_KEY_NSPrincipalClass = NSApplication;
				LD_RUNPATH_SEARCH_PATHS = (
					"$(inherited)",
					"@executable_path/../Frameworks",
				);
				MACOSX_DEPLOYMENT_TARGET = 12.4;
				MARKETING_VERSION = 1.0;
				OTHER_CODE_SIGN_FLAGS = "--deep";
				PRODUCT_BUNDLE_IDENTIFIER = zone.slice.Cyclone;
				PRODUCT_NAME = "$(TARGET_NAME)";
				SWIFT_EMIT_LOC_STRINGS = YES;
				SWIFT_STRICT_CONCURRENCY = minimal;
				SWIFT_VERSION = 5.0;
			};
			name = Release;
		};
		12F4FDA9273DFC1B00B6AE64 /* Debug */ = {
			isa = XCBuildConfiguration;
			buildSettings = {
				ALWAYS_EMBED_SWIFT_STANDARD_LIBRARIES = YES;
				BUNDLE_LOADER = "$(TEST_HOST)";
				CODE_SIGN_STYLE = Automatic;
				CURRENT_PROJECT_VERSION = 1;
				DEAD_CODE_STRIPPING = YES;
				GENERATE_INFOPLIST_FILE = YES;
				MARKETING_VERSION = 1.0;
				PRODUCT_BUNDLE_IDENTIFIER = zone.slice.CycloneTests;
				PRODUCT_NAME = "$(TARGET_NAME)";
				SWIFT_EMIT_LOC_STRINGS = NO;
				SWIFT_VERSION = 5.0;
				TEST_HOST = "$(BUILT_PRODUCTS_DIR)/Cyclone.app/Contents/MacOS/Cyclone";
			};
			name = Debug;
		};
		12F4FDAA273DFC1B00B6AE64 /* Release */ = {
			isa = XCBuildConfiguration;
			buildSettings = {
				ALWAYS_EMBED_SWIFT_STANDARD_LIBRARIES = YES;
				BUNDLE_LOADER = "$(TEST_HOST)";
				CODE_SIGN_STYLE = Automatic;
				CURRENT_PROJECT_VERSION = 1;
				DEAD_CODE_STRIPPING = YES;
				GENERATE_INFOPLIST_FILE = YES;
				MARKETING_VERSION = 1.0;
				PRODUCT_BUNDLE_IDENTIFIER = zone.slice.CycloneTests;
				PRODUCT_NAME = "$(TARGET_NAME)";
				SWIFT_EMIT_LOC_STRINGS = NO;
				SWIFT_VERSION = 5.0;
				TEST_HOST = "$(BUILT_PRODUCTS_DIR)/Cyclone.app/Contents/MacOS/Cyclone";
			};
			name = Release;
		};
		12F4FDAC273DFC1B00B6AE64 /* Debug */ = {
			isa = XCBuildConfiguration;
			buildSettings = {
				ALWAYS_EMBED_SWIFT_STANDARD_LIBRARIES = YES;
				CODE_SIGN_STYLE = Automatic;
				CURRENT_PROJECT_VERSION = 1;
				DEAD_CODE_STRIPPING = YES;
				GENERATE_INFOPLIST_FILE = YES;
				MARKETING_VERSION = 1.0;
				PRODUCT_BUNDLE_IDENTIFIER = zone.slice.CycloneUITests;
				PRODUCT_NAME = "$(TARGET_NAME)";
				SWIFT_EMIT_LOC_STRINGS = NO;
				SWIFT_VERSION = 5.0;
				TEST_TARGET_NAME = Cyclone;
			};
			name = Debug;
		};
		12F4FDAD273DFC1B00B6AE64 /* Release */ = {
			isa = XCBuildConfiguration;
			buildSettings = {
				ALWAYS_EMBED_SWIFT_STANDARD_LIBRARIES = YES;
				CODE_SIGN_STYLE = Automatic;
				CURRENT_PROJECT_VERSION = 1;
				DEAD_CODE_STRIPPING = YES;
				GENERATE_INFOPLIST_FILE = YES;
				MARKETING_VERSION = 1.0;
				PRODUCT_BUNDLE_IDENTIFIER = zone.slice.CycloneUITests;
				PRODUCT_NAME = "$(TARGET_NAME)";
				SWIFT_EMIT_LOC_STRINGS = NO;
				SWIFT_VERSION = 5.0;
				TEST_TARGET_NAME = Cyclone;
			};
			name = Release;
		};
		12F4FDCB273DFCD000B6AE64 /* Debug */ = {
			isa = XCBuildConfiguration;
			buildSettings = {
				CODE_SIGN_STYLE = Automatic;
				COMBINE_HIDPI_IMAGES = YES;
				CURRENT_PROJECT_VERSION = 1;
				DEAD_CODE_STRIPPING = YES;
				DEFINES_MODULE = YES;
				DYLIB_COMPATIBILITY_VERSION = 1;
				DYLIB_CURRENT_VERSION = 1;
				DYLIB_INSTALL_NAME_BASE = "@rpath";
				GENERATE_INFOPLIST_FILE = YES;
				INFOPLIST_KEY_NSHumanReadableCopyright = "";
				INSTALL_PATH = "$(LOCAL_LIBRARY_DIR)/Frameworks";
				LD_RUNPATH_SEARCH_PATHS = (
					"$(inherited)",
					"@executable_path/../Frameworks",
					"@loader_path/Frameworks",
				);
				MACOSX_DEPLOYMENT_TARGET = 12.4;
				MARKETING_VERSION = 1.0;
				OTHER_CODE_SIGN_FLAGS = "--deep";
				PRODUCT_BUNDLE_IDENTIFIER = zone.slice.Tempest;
				PRODUCT_NAME = "$(TARGET_NAME:c99extidentifier)";
				SKIP_INSTALL = YES;
				SWIFT_EMIT_LOC_STRINGS = YES;
				SWIFT_VERSION = 5.0;
				VERSIONING_SYSTEM = "apple-generic";
				VERSION_INFO_PREFIX = "";
			};
			name = Debug;
		};
		12F4FDCC273DFCD000B6AE64 /* Release */ = {
			isa = XCBuildConfiguration;
			buildSettings = {
				CODE_SIGN_STYLE = Automatic;
				COMBINE_HIDPI_IMAGES = YES;
				CURRENT_PROJECT_VERSION = 1;
				DEAD_CODE_STRIPPING = YES;
				DEFINES_MODULE = YES;
				DYLIB_COMPATIBILITY_VERSION = 1;
				DYLIB_CURRENT_VERSION = 1;
				DYLIB_INSTALL_NAME_BASE = "@rpath";
				GENERATE_INFOPLIST_FILE = YES;
				INFOPLIST_KEY_NSHumanReadableCopyright = "";
				INSTALL_PATH = "$(LOCAL_LIBRARY_DIR)/Frameworks";
				LD_RUNPATH_SEARCH_PATHS = (
					"$(inherited)",
					"@executable_path/../Frameworks",
					"@loader_path/Frameworks",
				);
				MACOSX_DEPLOYMENT_TARGET = 12.4;
				MARKETING_VERSION = 1.0;
				OTHER_CODE_SIGN_FLAGS = "--deep";
				PRODUCT_BUNDLE_IDENTIFIER = zone.slice.Tempest;
				PRODUCT_NAME = "$(TARGET_NAME:c99extidentifier)";
				SKIP_INSTALL = YES;
				SWIFT_EMIT_LOC_STRINGS = YES;
				SWIFT_VERSION = 5.0;
				VERSIONING_SYSTEM = "apple-generic";
				VERSION_INFO_PREFIX = "";
			};
			name = Release;
		};
		12F4FDCF273DFCD000B6AE64 /* Debug */ = {
			isa = XCBuildConfiguration;
			buildSettings = {
				ALWAYS_EMBED_SWIFT_STANDARD_LIBRARIES = YES;
				CODE_SIGN_STYLE = Automatic;
				CURRENT_PROJECT_VERSION = 1;
				DEAD_CODE_STRIPPING = YES;
				GENERATE_INFOPLIST_FILE = YES;
				MARKETING_VERSION = 1.0;
				PRODUCT_BUNDLE_IDENTIFIER = zone.slice.TempestTests;
				PRODUCT_NAME = "$(TARGET_NAME)";
				SWIFT_EMIT_LOC_STRINGS = NO;
				SWIFT_VERSION = 5.0;
				TEST_HOST = "$(BUILT_PRODUCTS_DIR)/Cyclone.app/Contents/MacOS/Cyclone";
			};
			name = Debug;
		};
		12F4FDD0273DFCD000B6AE64 /* Release */ = {
			isa = XCBuildConfiguration;
			buildSettings = {
				ALWAYS_EMBED_SWIFT_STANDARD_LIBRARIES = YES;
				CODE_SIGN_STYLE = Automatic;
				CURRENT_PROJECT_VERSION = 1;
				DEAD_CODE_STRIPPING = YES;
				GENERATE_INFOPLIST_FILE = YES;
				MARKETING_VERSION = 1.0;
				PRODUCT_BUNDLE_IDENTIFIER = zone.slice.TempestTests;
				PRODUCT_NAME = "$(TARGET_NAME)";
				SWIFT_EMIT_LOC_STRINGS = NO;
				SWIFT_VERSION = 5.0;
				TEST_HOST = "$(BUILT_PRODUCTS_DIR)/Cyclone.app/Contents/MacOS/Cyclone";
			};
			name = Release;
		};
/* End XCBuildConfiguration section */

/* Begin XCConfigurationList section */
		12F4FD7B273DFC1900B6AE64 /* Build configuration list for PBXProject "Cyclone" */ = {
			isa = XCConfigurationList;
			buildConfigurations = (
				12F4FDA3273DFC1B00B6AE64 /* Debug */,
				12F4FDA4273DFC1B00B6AE64 /* Release */,
			);
			defaultConfigurationIsVisible = 0;
			defaultConfigurationName = Release;
		};
		12F4FDA5273DFC1B00B6AE64 /* Build configuration list for PBXNativeTarget "Cyclone" */ = {
			isa = XCConfigurationList;
			buildConfigurations = (
				12F4FDA6273DFC1B00B6AE64 /* Debug */,
				12F4FDA7273DFC1B00B6AE64 /* Release */,
			);
			defaultConfigurationIsVisible = 0;
			defaultConfigurationName = Release;
		};
		12F4FDA8273DFC1B00B6AE64 /* Build configuration list for PBXNativeTarget "CycloneTests" */ = {
			isa = XCConfigurationList;
			buildConfigurations = (
				12F4FDA9273DFC1B00B6AE64 /* Debug */,
				12F4FDAA273DFC1B00B6AE64 /* Release */,
			);
			defaultConfigurationIsVisible = 0;
			defaultConfigurationName = Release;
		};
		12F4FDAB273DFC1B00B6AE64 /* Build configuration list for PBXNativeTarget "CycloneUITests" */ = {
			isa = XCConfigurationList;
			buildConfigurations = (
				12F4FDAC273DFC1B00B6AE64 /* Debug */,
				12F4FDAD273DFC1B00B6AE64 /* Release */,
			);
			defaultConfigurationIsVisible = 0;
			defaultConfigurationName = Release;
		};
		12F4FDCA273DFCD000B6AE64 /* Build configuration list for PBXNativeTarget "Tempest" */ = {
			isa = XCConfigurationList;
			buildConfigurations = (
				12F4FDCB273DFCD000B6AE64 /* Debug */,
				12F4FDCC273DFCD000B6AE64 /* Release */,
			);
			defaultConfigurationIsVisible = 0;
			defaultConfigurationName = Release;
		};
		12F4FDCE273DFCD000B6AE64 /* Build configuration list for PBXNativeTarget "TempestTests" */ = {
			isa = XCConfigurationList;
			buildConfigurations = (
				12F4FDCF273DFCD000B6AE64 /* Debug */,
				12F4FDD0273DFCD000B6AE64 /* Release */,
			);
			defaultConfigurationIsVisible = 0;
			defaultConfigurationName = Release;
		};
/* End XCConfigurationList section */

/* Begin XCRemoteSwiftPackageReference section */
		121B6FB9273E32D5000DD150 /* XCRemoteSwiftPackageReference "swift-argument-parser" */ = {
			isa = XCRemoteSwiftPackageReference;
			repositoryURL = "https://github.com/apple/swift-argument-parser.git";
			requirement = {
				kind = upToNextMajorVersion;
				minimumVersion = 1.0.0;
			};
		};
		1296E31528559AE300CDFD2E /* XCRemoteSwiftPackageReference "Kingfisher" */ = {
			isa = XCRemoteSwiftPackageReference;
			repositoryURL = "https://github.com/onevcat/Kingfisher";
			requirement = {
				kind = upToNextMajorVersion;
				minimumVersion = 7.0.0;
			};
		};
		129FBBF02812913400BD5D09 /* XCRemoteSwiftPackageReference "SwiftyJSON" */ = {
			isa = XCRemoteSwiftPackageReference;
			repositoryURL = "https://github.com/SwiftyJSON/SwiftyJSON";
			requirement = {
				kind = upToNextMajorVersion;
				minimumVersion = 5.0.0;
			};
		};
		129FBBF32812918C00BD5D09 /* XCRemoteSwiftPackageReference "Codextended" */ = {
			isa = XCRemoteSwiftPackageReference;
			repositoryURL = "https://github.com/JohnSundell/Codextended";
			requirement = {
				kind = upToNextMajorVersion;
				minimumVersion = 0.3.0;
			};
		};
		12A66642285567A200172D99 /* XCRemoteSwiftPackageReference "swift-collections" */ = {
			isa = XCRemoteSwiftPackageReference;
			repositoryURL = "https://github.com/apple/swift-collections.git";
			requirement = {
				kind = upToNextMajorVersion;
				minimumVersion = 1.0.0;
			};
		};
/* End XCRemoteSwiftPackageReference section */

/* Begin XCSwiftPackageProductDependency section */
		121B6FBA273E32D5000DD150 /* ArgumentParser */ = {
			isa = XCSwiftPackageProductDependency;
			package = 121B6FB9273E32D5000DD150 /* XCRemoteSwiftPackageReference "swift-argument-parser" */;
			productName = ArgumentParser;
		};
		1259D6DB28176957006AE1D1 /* SwiftyJSON */ = {
			isa = XCSwiftPackageProductDependency;
			package = 129FBBF02812913400BD5D09 /* XCRemoteSwiftPackageReference "SwiftyJSON" */;
			productName = SwiftyJSON;
		};
		1259D6DD28176964006AE1D1 /* SwiftyJSON */ = {
			isa = XCSwiftPackageProductDependency;
			package = 129FBBF02812913400BD5D09 /* XCRemoteSwiftPackageReference "SwiftyJSON" */;
			productName = SwiftyJSON;
		};
		1259D6DF2817696C006AE1D1 /* Codextended */ = {
			isa = XCSwiftPackageProductDependency;
			package = 129FBBF32812918C00BD5D09 /* XCRemoteSwiftPackageReference "Codextended" */;
			productName = Codextended;
		};
		1259D6E12817696F006AE1D1 /* Codextended */ = {
			isa = XCSwiftPackageProductDependency;
			package = 129FBBF32812918C00BD5D09 /* XCRemoteSwiftPackageReference "Codextended" */;
			productName = Codextended;
		};
		1296E31628559AE300CDFD2E /* Kingfisher */ = {
			isa = XCSwiftPackageProductDependency;
			package = 1296E31528559AE300CDFD2E /* XCRemoteSwiftPackageReference "Kingfisher" */;
			productName = Kingfisher;
		};
		129FBBF12812913400BD5D09 /* SwiftyJSON */ = {
			isa = XCSwiftPackageProductDependency;
			package = 129FBBF02812913400BD5D09 /* XCRemoteSwiftPackageReference "SwiftyJSON" */;
			productName = SwiftyJSON;
		};
		129FBBF42812918C00BD5D09 /* Codextended */ = {
			isa = XCSwiftPackageProductDependency;
			package = 129FBBF32812918C00BD5D09 /* XCRemoteSwiftPackageReference "Codextended" */;
			productName = Codextended;
		};
		12A66643285567A200172D99 /* OrderedCollections */ = {
			isa = XCSwiftPackageProductDependency;
			package = 12A66642285567A200172D99 /* XCRemoteSwiftPackageReference "swift-collections" */;
			productName = OrderedCollections;
		};
		12AB41612869467F00D54786 /* OrderedCollections */ = {
			isa = XCSwiftPackageProductDependency;
			package = 12A66642285567A200172D99 /* XCRemoteSwiftPackageReference "swift-collections" */;
			productName = OrderedCollections;
		};
/* End XCSwiftPackageProductDependency section */
	};
	rootObject = 12F4FD78273DFC1900B6AE64 /* Project object */;
}
